
Microsoft Visual Studio Solution File, Format Version 12.00
# Visual Studio Version 17
VisualStudioVersion = 17.6.33829.357
MinimumVisualStudioVersion = 10.0.40219.1
Project("{8BC9CEB8-8B4A-11D0-8D11-00A0C91BC942}") = "WorldServer", "RegulusWorld\WorldServer\WorldServer.vcxproj", "{782D7731-7B60-4A32-8D0C-85BD2DD5144A}"
	ProjectSection(ProjectDependencies) = postProject
		{7E2F51AF-3D5D-45D5-992D-D9E573DC0128} = {7E2F51AF-3D5D-45D5-992D-D9E573DC0128}
	EndProjectSection
EndProject
Project("{8BC9CEB8-8B4A-11D0-8D11-00A0C91BC942}") = "EditRegulusWorld", "RegulusWorld\EditRegulusWorld\EditRegulusWorld.vcxproj", "{A75F7745-B4E9-4C01-BA0F-CCC2DDE713DE}"
	ProjectSection(ProjectDependencies) = postProject
		{7E2F51AF-3D5D-45D5-992D-D9E573DC0128} = {7E2F51AF-3D5D-45D5-992D-D9E573DC0128}
	EndProjectSection
EndProject
Project("{8BC9CEB8-8B4A-11D0-8D11-00A0C91BC942}") = "RobotRegulusWorld", "RegulusWorld\RobotRegulusWorld\RobotRegulusWorld.vcxproj", "{607F63E2-8E7B-42B8-ACEC-A9AF4FB5EBC7}"
	ProjectSection(ProjectDependencies) = postProject
		{7E2F51AF-3D5D-45D5-992D-D9E573DC0128} = {7E2F51AF-3D5D-45D5-992D-D9E573DC0128}
	EndProjectSection
EndProject
Project("{8BC9CEB8-8B4A-11D0-8D11-00A0C91BC942}") = "RegulusWorldLibrary", "RegulusWorld\RegulusWorldLibrary\RegulusWorldLibrary.vcxproj", "{7E2F51AF-3D5D-45D5-992D-D9E573DC0128}"
EndProject
Project("{2150E333-8FDC-42A3-9474-1A3956D46DE8}") = "Camera", "Camera", "{D8B94AF0-F489-4EB2-90BD-D850AC30C64B}"
EndProject
Project("{8BC9CEB8-8B4A-11D0-8D11-00A0C91BC942}") = "CameraBaslerGigE", "PluginDLL\Camera\CameraBaslerGigE\CameraBaslerGigE.vcxproj", "{1A66C6ED-30B3-4D3F-B996-960547EB4A11}"
EndProject
Project("{2150E333-8FDC-42A3-9474-1A3956D46DE8}") = "PlugInDLL-Camera", "PlugInDLL-Camera", "{509CFB2E-C2DB-4C29-A1DC-285A8200A44A}"
EndProject
Project("{8BC9CEB8-8B4A-11D0-8D11-00A0C91BC942}") = "RWCamera", "RegulusWorld\RWCamera\RWCamera.vcxproj", "{1CC8969B-419B-496C-B626-E440F5942A95}"
EndProject
Project("{2150E333-8FDC-42A3-9474-1A3956D46DE8}") = "GUI", "GUI", "{83872CAA-B29E-473E-A72C-930DDBC0B013}"
EndProject
Project("{8BC9CEB8-8B4A-11D0-8D11-00A0C91BC942}") = "RWView3D", "RegulusWorld\GUI\RWView3D\RWView3D.vcxproj", "{ED8A749D-5B63-4BB8-9AAB-0F2529EE5632}"
EndProject
Project("{8BC9CEB8-8B4A-11D0-8D11-00A0C91BC942}") = "RWView5Panels", "RegulusWorld\GUI\RWView5Panels\RWView5Panels.vcxproj", "{ABA418D1-EA40-4DEA-B633-873EC0221D37}"
EndProject
Project("{2150E333-8FDC-42A3-9474-1A3956D46DE8}") = "Algorithm", "Algorithm", "{09D2C88A-28C7-4E82-B37C-4C7AC647F3EF}"
EndProject
Project("{8BC9CEB8-8B4A-11D0-8D11-00A0C91BC942}") = "RWCamRecognition", "RegulusWorld\Algorithm\RWCamRecognition\RWCamRecognition.vcxproj", "{D59C77A1-97D8-41A5-889A-0C98ABEB9A31}"
EndProject
Project("{8BC9CEB8-8B4A-11D0-8D11-00A0C91BC942}") = "RWShowObjectProperty", "RegulusWorld\GUI\RWShowObjectProperty\RWShowObjectProperty.vcxproj", "{6515E2F5-0A4F-41E2-8CA7-D05BEE8D1847}"
EndProject
Project("{2150E333-8FDC-42A3-9474-1A3956D46DE8}") = "EditObject", "EditObject", "{7B4F1F48-7312-44C1-BF85-A8243EBA0CA6}"
EndProject
Project("{8BC9CEB8-8B4A-11D0-8D11-00A0C91BC942}") = "RWEditObjectImagePanel", "RegulusWorld\GUI\RWEditObjectImagePanel\RWEditObjectImagePanel.vcxproj", "{15EF30ED-E938-49FE-BC1D-2058BE15FF2D}"
EndProject
Project("{8BC9CEB8-8B4A-11D0-8D11-00A0C91BC942}") = "RWEditObjectProperty", "RegulusWorld\GUI\RWEditObjectProperty\RWEditObjectProperty.vcxproj", "{173194B9-47B7-4383-8A42-EBC7ABC3B05D}"
EndProject
Project("{8BC9CEB8-8B4A-11D0-8D11-00A0C91BC942}") = "RWRobotRun", "RegulusWorld\GUI\RWRobotRun\RWRobotRun.vcxproj", "{E047A24B-5349-4F56-9187-B5BBF6CF7E73}"
EndProject
Project("{2150E333-8FDC-42A3-9474-1A3956D46DE8}") = "Device", "Device", "{BB5766E7-0344-44F6-8CF4-6B71AC675D8C}"
EndProject
Project("{8BC9CEB8-8B4A-11D0-8D11-00A0C91BC942}") = "RWDevYRC1000", "RegulusWorld\RWDevice\RWDevYRC1000\RWDevYRC1000.vcxproj", "{8645D3EE-35B0-4360-A929-24302063C4FE}"
EndProject
Project("{8BC9CEB8-8B4A-11D0-8D11-00A0C91BC942}") = "RWDev3DMouse", "RegulusWorld\RWDevice\RWDev3DMouse\RWDev3DMouse.vcxproj", "{65A8B80A-2B4B-4C55-81F6-8D73584B0512}"
EndProject
Project("{8BC9CEB8-8B4A-11D0-8D11-00A0C91BC942}") = "EditRWParameter", "RegulusWorld\EditRWParameter\EditRWParameter.vcxproj", "{E2008B28-CD6C-4568-847D-49B29011D908}"
EndProject
Project("{8BC9CEB8-8B4A-11D0-8D11-00A0C91BC942}") = "RWButtonDeviceShowSetting", "RegulusWorld\GUI\RWButtonDeviceShowSetting\RWButtonDeviceShowSetting.vcxproj", "{8E3EC847-BBD5-4DA4-B761-D74D99BDDC27}"
EndProject
Project("{8BC9CEB8-8B4A-11D0-8D11-00A0C91BC942}") = "RWAlgorithm3D", "RegulusWorld\Algorithm\RWAlgorithm3D\RWAlgorithm3D.vcxproj", "{21E3E6DD-212C-4D4D-A005-EAEA4BB5ECC2}"
EndProject
Project("{2150E333-8FDC-42A3-9474-1A3956D46DE8}") = "Algorithm", "Algorithm", "{51FA69CB-58AF-467C-99BD-F89ABA2D17DE}"
EndProject
Project("{8BC9CEB8-8B4A-11D0-8D11-00A0C91BC942}") = "RWCamRecognitionImagePanel", "RegulusWorld\GUI\RWCamRecognitionImagePanel\RWCamRecognitionImagePanel.vcxproj", "{CEB1E5A3-6334-4A4F-AAB4-A8521FFBE9E6}"
EndProject
Project("{8BC9CEB8-8B4A-11D0-8D11-00A0C91BC942}") = "RWPropertyCamRecognition", "RegulusWorld\GUI\RWPropertyCamRecognition\RWPropertyCamRecognition.vcxproj", "{2DD693F9-3FFC-40B7-98EE-BA8D1EB23D0E}"
EndProject
Global
	GlobalSection(SolutionConfigurationPlatforms) = preSolution
		Debug|x64 = Debug|x64
		Debug|x86 = Debug|x86
		Release|x64 = Release|x64
		Release|x86 = Release|x86
	EndGlobalSection
	GlobalSection(ProjectConfigurationPlatforms) = postSolution
		{782D7731-7B60-4A32-8D0C-85BD2DD5144A}.Debug|x64.ActiveCfg = Debug|x64
		{782D7731-7B60-4A32-8D0C-85BD2DD5144A}.Debug|x64.Build.0 = Debug|x64
		{782D7731-7B60-4A32-8D0C-85BD2DD5144A}.Debug|x86.ActiveCfg = Debug|x64
		{782D7731-7B60-4A32-8D0C-85BD2DD5144A}.Debug|x86.Build.0 = Debug|x64
		{782D7731-7B60-4A32-8D0C-85BD2DD5144A}.Release|x64.ActiveCfg = Release|x64
		{782D7731-7B60-4A32-8D0C-85BD2DD5144A}.Release|x64.Build.0 = Release|x64
		{782D7731-7B60-4A32-8D0C-85BD2DD5144A}.Release|x86.ActiveCfg = Release|x64
		{782D7731-7B60-4A32-8D0C-85BD2DD5144A}.Release|x86.Build.0 = Release|x64
		{A75F7745-B4E9-4C01-BA0F-CCC2DDE713DE}.Debug|x64.ActiveCfg = Debug|x64
		{A75F7745-B4E9-4C01-BA0F-CCC2DDE713DE}.Debug|x64.Build.0 = Debug|x64
		{A75F7745-B4E9-4C01-BA0F-CCC2DDE713DE}.Debug|x86.ActiveCfg = Debug|x64
		{A75F7745-B4E9-4C01-BA0F-CCC2DDE713DE}.Debug|x86.Build.0 = Debug|x64
		{A75F7745-B4E9-4C01-BA0F-CCC2DDE713DE}.Release|x64.ActiveCfg = Release|x64
		{A75F7745-B4E9-4C01-BA0F-CCC2DDE713DE}.Release|x64.Build.0 = Release|x64
		{A75F7745-B4E9-4C01-BA0F-CCC2DDE713DE}.Release|x86.ActiveCfg = Release|x64
		{A75F7745-B4E9-4C01-BA0F-CCC2DDE713DE}.Release|x86.Build.0 = Release|x64
		{607F63E2-8E7B-42B8-ACEC-A9AF4FB5EBC7}.Debug|x64.ActiveCfg = Debug|x64
		{607F63E2-8E7B-42B8-ACEC-A9AF4FB5EBC7}.Debug|x64.Build.0 = Debug|x64
		{607F63E2-8E7B-42B8-ACEC-A9AF4FB5EBC7}.Debug|x86.ActiveCfg = Debug|x64
		{607F63E2-8E7B-42B8-ACEC-A9AF4FB5EBC7}.Debug|x86.Build.0 = Debug|x64
		{607F63E2-8E7B-42B8-ACEC-A9AF4FB5EBC7}.Release|x64.ActiveCfg = Release|x64
		{607F63E2-8E7B-42B8-ACEC-A9AF4FB5EBC7}.Release|x64.Build.0 = Release|x64
		{607F63E2-8E7B-42B8-ACEC-A9AF4FB5EBC7}.Release|x86.ActiveCfg = Release|x64
		{607F63E2-8E7B-42B8-ACEC-A9AF4FB5EBC7}.Release|x86.Build.0 = Release|x64
		{7E2F51AF-3D5D-45D5-992D-D9E573DC0128}.Debug|x64.ActiveCfg = Debug|x64
		{7E2F51AF-3D5D-45D5-992D-D9E573DC0128}.Debug|x64.Build.0 = Debug|x64
		{7E2F51AF-3D5D-45D5-992D-D9E573DC0128}.Debug|x86.ActiveCfg = Debug|x64
		{7E2F51AF-3D5D-45D5-992D-D9E573DC0128}.Debug|x86.Build.0 = Debug|x64
		{7E2F51AF-3D5D-45D5-992D-D9E573DC0128}.Release|x64.ActiveCfg = Release|x64
		{7E2F51AF-3D5D-45D5-992D-D9E573DC0128}.Release|x64.Build.0 = Release|x64
		{7E2F51AF-3D5D-45D5-992D-D9E573DC0128}.Release|x86.ActiveCfg = Release|x64
		{7E2F51AF-3D5D-45D5-992D-D9E573DC0128}.Release|x86.Build.0 = Release|x64
		{1A66C6ED-30B3-4D3F-B996-960547EB4A11}.Debug|x64.ActiveCfg = Debug|x64
		{1A66C6ED-30B3-4D3F-B996-960547EB4A11}.Debug|x64.Build.0 = Debug|x64
		{1A66C6ED-30B3-4D3F-B996-960547EB4A11}.Debug|x86.ActiveCfg = Debug|Win32
		{1A66C6ED-30B3-4D3F-B996-960547EB4A11}.Debug|x86.Build.0 = Debug|Win32
		{1A66C6ED-30B3-4D3F-B996-960547EB4A11}.Release|x64.ActiveCfg = Release|x64
		{1A66C6ED-30B3-4D3F-B996-960547EB4A11}.Release|x64.Build.0 = Release|x64
		{1A66C6ED-30B3-4D3F-B996-960547EB4A11}.Release|x86.ActiveCfg = Release|Win32
		{1A66C6ED-30B3-4D3F-B996-960547EB4A11}.Release|x86.Build.0 = Release|Win32
		{1CC8969B-419B-496C-B626-E440F5942A95}.Debug|x64.ActiveCfg = Debug|x64
		{1CC8969B-419B-496C-B626-E440F5942A95}.Debug|x64.Build.0 = Debug|x64
		{1CC8969B-419B-496C-B626-E440F5942A95}.Debug|x86.ActiveCfg = Debug|x64
		{1CC8969B-419B-496C-B626-E440F5942A95}.Debug|x86.Build.0 = Debug|x64
		{1CC8969B-419B-496C-B626-E440F5942A95}.Release|x64.ActiveCfg = Release|x64
		{1CC8969B-419B-496C-B626-E440F5942A95}.Release|x64.Build.0 = Release|x64
		{1CC8969B-419B-496C-B626-E440F5942A95}.Release|x86.ActiveCfg = Release|x64
		{1CC8969B-419B-496C-B626-E440F5942A95}.Release|x86.Build.0 = Release|x64
		{ED8A749D-5B63-4BB8-9AAB-0F2529EE5632}.Debug|x64.ActiveCfg = Debug|x64
		{ED8A749D-5B63-4BB8-9AAB-0F2529EE5632}.Debug|x64.Build.0 = Debug|x64
		{ED8A749D-5B63-4BB8-9AAB-0F2529EE5632}.Debug|x86.ActiveCfg = Debug|x64
		{ED8A749D-5B63-4BB8-9AAB-0F2529EE5632}.Debug|x86.Build.0 = Debug|x64
		{ED8A749D-5B63-4BB8-9AAB-0F2529EE5632}.Release|x64.ActiveCfg = Release|x64
		{ED8A749D-5B63-4BB8-9AAB-0F2529EE5632}.Release|x64.Build.0 = Release|x64
		{ED8A749D-5B63-4BB8-9AAB-0F2529EE5632}.Release|x86.ActiveCfg = Release|x64
		{ED8A749D-5B63-4BB8-9AAB-0F2529EE5632}.Release|x86.Build.0 = Release|x64
		{ABA418D1-EA40-4DEA-B633-873EC0221D37}.Debug|x64.ActiveCfg = Debug|x64
		{ABA418D1-EA40-4DEA-B633-873EC0221D37}.Debug|x64.Build.0 = Debug|x64
		{ABA418D1-EA40-4DEA-B633-873EC0221D37}.Debug|x86.ActiveCfg = Debug|x64
		{ABA418D1-EA40-4DEA-B633-873EC0221D37}.Debug|x86.Build.0 = Debug|x64
		{ABA418D1-EA40-4DEA-B633-873EC0221D37}.Release|x64.ActiveCfg = Release|x64
		{ABA418D1-EA40-4DEA-B633-873EC0221D37}.Release|x64.Build.0 = Release|x64
		{ABA418D1-EA40-4DEA-B633-873EC0221D37}.Release|x86.ActiveCfg = Release|x64
		{ABA418D1-EA40-4DEA-B633-873EC0221D37}.Release|x86.Build.0 = Release|x64
		{D59C77A1-97D8-41A5-889A-0C98ABEB9A31}.Debug|x64.ActiveCfg = Debug|x64
		{D59C77A1-97D8-41A5-889A-0C98ABEB9A31}.Debug|x64.Build.0 = Debug|x64
		{D59C77A1-97D8-41A5-889A-0C98ABEB9A31}.Debug|x86.ActiveCfg = Debug|x64
		{D59C77A1-97D8-41A5-889A-0C98ABEB9A31}.Debug|x86.Build.0 = Debug|x64
		{D59C77A1-97D8-41A5-889A-0C98ABEB9A31}.Release|x64.ActiveCfg = Release|x64
		{D59C77A1-97D8-41A5-889A-0C98ABEB9A31}.Release|x64.Build.0 = Release|x64
		{D59C77A1-97D8-41A5-889A-0C98ABEB9A31}.Release|x86.ActiveCfg = Release|x64
		{D59C77A1-97D8-41A5-889A-0C98ABEB9A31}.Release|x86.Build.0 = Release|x64
		{6515E2F5-0A4F-41E2-8CA7-D05BEE8D1847}.Debug|x64.ActiveCfg = Debug|x64
		{6515E2F5-0A4F-41E2-8CA7-D05BEE8D1847}.Debug|x64.Build.0 = Debug|x64
		{6515E2F5-0A4F-41E2-8CA7-D05BEE8D1847}.Debug|x86.ActiveCfg = Debug|x64
		{6515E2F5-0A4F-41E2-8CA7-D05BEE8D1847}.Debug|x86.Build.0 = Debug|x64
		{6515E2F5-0A4F-41E2-8CA7-D05BEE8D1847}.Release|x64.ActiveCfg = Release|x64
		{6515E2F5-0A4F-41E2-8CA7-D05BEE8D1847}.Release|x64.Build.0 = Release|x64
		{6515E2F5-0A4F-41E2-8CA7-D05BEE8D1847}.Release|x86.ActiveCfg = Release|x64
		{6515E2F5-0A4F-41E2-8CA7-D05BEE8D1847}.Release|x86.Build.0 = Release|x64
		{15EF30ED-E938-49FE-BC1D-2058BE15FF2D}.Debug|x64.ActiveCfg = Debug|x64
		{15EF30ED-E938-49FE-BC1D-2058BE15FF2D}.Debug|x64.Build.0 = Debug|x64
		{15EF30ED-E938-49FE-BC1D-2058BE15FF2D}.Debug|x86.ActiveCfg = Debug|x64
		{15EF30ED-E938-49FE-BC1D-2058BE15FF2D}.Debug|x86.Build.0 = Debug|x64
		{15EF30ED-E938-49FE-BC1D-2058BE15FF2D}.Release|x64.ActiveCfg = Release|x64
		{15EF30ED-E938-49FE-BC1D-2058BE15FF2D}.Release|x64.Build.0 = Release|x64
		{15EF30ED-E938-49FE-BC1D-2058BE15FF2D}.Release|x86.ActiveCfg = Release|x64
		{15EF30ED-E938-49FE-BC1D-2058BE15FF2D}.Release|x86.Build.0 = Release|x64
		{173194B9-47B7-4383-8A42-EBC7ABC3B05D}.Debug|x64.ActiveCfg = Debug|x64
		{173194B9-47B7-4383-8A42-EBC7ABC3B05D}.Debug|x64.Build.0 = Debug|x64
		{173194B9-47B7-4383-8A42-EBC7ABC3B05D}.Debug|x86.ActiveCfg = Debug|x64
		{173194B9-47B7-4383-8A42-EBC7ABC3B05D}.Debug|x86.Build.0 = Debug|x64
		{173194B9-47B7-4383-8A42-EBC7ABC3B05D}.Release|x64.ActiveCfg = Release|x64
		{173194B9-47B7-4383-8A42-EBC7ABC3B05D}.Release|x64.Build.0 = Release|x64
		{173194B9-47B7-4383-8A42-EBC7ABC3B05D}.Release|x86.ActiveCfg = Release|x64
		{173194B9-47B7-4383-8A42-EBC7ABC3B05D}.Release|x86.Build.0 = Release|x64
		{E047A24B-5349-4F56-9187-B5BBF6CF7E73}.Debug|x64.ActiveCfg = Debug|x64
		{E047A24B-5349-4F56-9187-B5BBF6CF7E73}.Debug|x64.Build.0 = Debug|x64
		{E047A24B-5349-4F56-9187-B5BBF6CF7E73}.Debug|x86.ActiveCfg = Debug|x64
		{E047A24B-5349-4F56-9187-B5BBF6CF7E73}.Debug|x86.Build.0 = Debug|x64
		{E047A24B-5349-4F56-9187-B5BBF6CF7E73}.Release|x64.ActiveCfg = Release|x64
		{E047A24B-5349-4F56-9187-B5BBF6CF7E73}.Release|x64.Build.0 = Release|x64
		{E047A24B-5349-4F56-9187-B5BBF6CF7E73}.Release|x86.ActiveCfg = Release|x64
		{E047A24B-5349-4F56-9187-B5BBF6CF7E73}.Release|x86.Build.0 = Release|x64
		{8645D3EE-35B0-4360-A929-24302063C4FE}.Debug|x64.ActiveCfg = Debug|x64
		{8645D3EE-35B0-4360-A929-24302063C4FE}.Debug|x64.Build.0 = Debug|x64
		{8645D3EE-35B0-4360-A929-24302063C4FE}.Debug|x86.ActiveCfg = Debug|x64
		{8645D3EE-35B0-4360-A929-24302063C4FE}.Debug|x86.Build.0 = Debug|x64
		{8645D3EE-35B0-4360-A929-24302063C4FE}.Release|x64.ActiveCfg = Release|x64
		{8645D3EE-35B0-4360-A929-24302063C4FE}.Release|x64.Build.0 = Release|x64
		{8645D3EE-35B0-4360-A929-24302063C4FE}.Release|x86.ActiveCfg = Release|x64
		{8645D3EE-35B0-4360-A929-24302063C4FE}.Release|x86.Build.0 = Release|x64
		{65A8B80A-2B4B-4C55-81F6-8D73584B0512}.Debug|x64.ActiveCfg = Debug|x64
		{65A8B80A-2B4B-4C55-81F6-8D73584B0512}.Debug|x64.Build.0 = Debug|x64
		{65A8B80A-2B4B-4C55-81F6-8D73584B0512}.Debug|x86.ActiveCfg = Debug|x64
		{65A8B80A-2B4B-4C55-81F6-8D73584B0512}.Debug|x86.Build.0 = Debug|x64
		{65A8B80A-2B4B-4C55-81F6-8D73584B0512}.Release|x64.ActiveCfg = Release|x64
		{65A8B80A-2B4B-4C55-81F6-8D73584B0512}.Release|x64.Build.0 = Release|x64
		{65A8B80A-2B4B-4C55-81F6-8D73584B0512}.Release|x86.ActiveCfg = Release|x64
		{65A8B80A-2B4B-4C55-81F6-8D73584B0512}.Release|x86.Build.0 = Release|x64
		{E2008B28-CD6C-4568-847D-49B29011D908}.Debug|x64.ActiveCfg = Debug|x64
		{E2008B28-CD6C-4568-847D-49B29011D908}.Debug|x64.Build.0 = Debug|x64
		{E2008B28-CD6C-4568-847D-49B29011D908}.Debug|x86.ActiveCfg = Debug|x64
		{E2008B28-CD6C-4568-847D-49B29011D908}.Debug|x86.Build.0 = Debug|x64
		{E2008B28-CD6C-4568-847D-49B29011D908}.Release|x64.ActiveCfg = Release|x64
		{E2008B28-CD6C-4568-847D-49B29011D908}.Release|x64.Build.0 = Release|x64
		{E2008B28-CD6C-4568-847D-49B29011D908}.Release|x86.ActiveCfg = Release|x64
		{E2008B28-CD6C-4568-847D-49B29011D908}.Release|x86.Build.0 = Release|x64
		{8E3EC847-BBD5-4DA4-B761-D74D99BDDC27}.Debug|x64.ActiveCfg = Debug|x64
		{8E3EC847-BBD5-4DA4-B761-D74D99BDDC27}.Debug|x64.Build.0 = Debug|x64
		{8E3EC847-BBD5-4DA4-B761-D74D99BDDC27}.Debug|x86.ActiveCfg = Debug|x64
		{8E3EC847-BBD5-4DA4-B761-D74D99BDDC27}.Debug|x86.Build.0 = Debug|x64
		{8E3EC847-BBD5-4DA4-B761-D74D99BDDC27}.Release|x64.ActiveCfg = Release|x64
		{8E3EC847-BBD5-4DA4-B761-D74D99BDDC27}.Release|x64.Build.0 = Release|x64
		{8E3EC847-BBD5-4DA4-B761-D74D99BDDC27}.Release|x86.ActiveCfg = Release|x64
		{8E3EC847-BBD5-4DA4-B761-D74D99BDDC27}.Release|x86.Build.0 = Release|x64
		{21E3E6DD-212C-4D4D-A005-EAEA4BB5ECC2}.Debug|x64.ActiveCfg = Debug|x64
		{21E3E6DD-212C-4D4D-A005-EAEA4BB5ECC2}.Debug|x64.Build.0 = Debug|x64
		{21E3E6DD-212C-4D4D-A005-EAEA4BB5ECC2}.Debug|x86.ActiveCfg = Debug|x64
		{21E3E6DD-212C-4D4D-A005-EAEA4BB5ECC2}.Debug|x86.Build.0 = Debug|x64
		{21E3E6DD-212C-4D4D-A005-EAEA4BB5ECC2}.Release|x64.ActiveCfg = Release|x64
		{21E3E6DD-212C-4D4D-A005-EAEA4BB5ECC2}.Release|x64.Build.0 = Release|x64
		{21E3E6DD-212C-4D4D-A005-EAEA4BB5ECC2}.Release|x86.ActiveCfg = Release|x64
		{21E3E6DD-212C-4D4D-A005-EAEA4BB5ECC2}.Release|x86.Build.0 = Release|x64
		{CEB1E5A3-6334-4A4F-AAB4-A8521FFBE9E6}.Debug|x64.ActiveCfg = Debug|x64
		{CEB1E5A3-6334-4A4F-AAB4-A8521FFBE9E6}.Debug|x64.Build.0 = Debug|x64
		{CEB1E5A3-6334-4A4F-AAB4-A8521FFBE9E6}.Debug|x86.ActiveCfg = Debug|x64
		{CEB1E5A3-6334-4A4F-AAB4-A8521FFBE9E6}.Debug|x86.Build.0 = Debug|x64
		{CEB1E5A3-6334-4A4F-AAB4-A8521FFBE9E6}.Release|x64.ActiveCfg = Release|x64
		{CEB1E5A3-6334-4A4F-AAB4-A8521FFBE9E6}.Release|x64.Build.0 = Release|x64
		{CEB1E5A3-6334-4A4F-AAB4-A8521FFBE9E6}.Release|x86.ActiveCfg = Release|x64
		{CEB1E5A3-6334-4A4F-AAB4-A8521FFBE9E6}.Release|x86.Build.0 = Release|x64
		{2DD693F9-3FFC-40B7-98EE-BA8D1EB23D0E}.Debug|x64.ActiveCfg = Debug|x64
		{2DD693F9-3FFC-40B7-98EE-BA8D1EB23D0E}.Debug|x64.Build.0 = Debug|x64
		{2DD693F9-3FFC-40B7-98EE-BA8D1EB23D0E}.Debug|x86.ActiveCfg = Debug|x64
		{2DD693F9-3FFC-40B7-98EE-BA8D1EB23D0E}.Debug|x86.Build.0 = Debug|x64
		{2DD693F9-3FFC-40B7-98EE-BA8D1EB23D0E}.Release|x64.ActiveCfg = Release|x64
		{2DD693F9-3FFC-40B7-98EE-BA8D1EB23D0E}.Release|x64.Build.0 = Release|x64
		{2DD693F9-3FFC-40B7-98EE-BA8D1EB23D0E}.Release|x86.ActiveCfg = Release|x64
		{2DD693F9-3FFC-40B7-98EE-BA8D1EB23D0E}.Release|x86.Build.0 = Release|x64
	EndGlobalSection
	GlobalSection(SolutionProperties) = preSolution
		HideSolutionNode = FALSE
	EndGlobalSection
	GlobalSection(NestedProjects) = preSolution
		{1A66C6ED-30B3-4D3F-B996-960547EB4A11} = {509CFB2E-C2DB-4C29-A1DC-285A8200A44A}
		{509CFB2E-C2DB-4C29-A1DC-285A8200A44A} = {D8B94AF0-F489-4EB2-90BD-D850AC30C64B}
		{1CC8969B-419B-496C-B626-E440F5942A95} = {D8B94AF0-F489-4EB2-90BD-D850AC30C64B}
		{ED8A749D-5B63-4BB8-9AAB-0F2529EE5632} = {83872CAA-B29E-473E-A72C-930DDBC0B013}
		{ABA418D1-EA40-4DEA-B633-873EC0221D37} = {83872CAA-B29E-473E-A72C-930DDBC0B013}
		{D59C77A1-97D8-41A5-889A-0C98ABEB9A31} = {09D2C88A-28C7-4E82-B37C-4C7AC647F3EF}
		{6515E2F5-0A4F-41E2-8CA7-D05BEE8D1847} = {83872CAA-B29E-473E-A72C-930DDBC0B013}
		{7B4F1F48-7312-44C1-BF85-A8243EBA0CA6} = {83872CAA-B29E-473E-A72C-930DDBC0B013}
		{15EF30ED-E938-49FE-BC1D-2058BE15FF2D} = {7B4F1F48-7312-44C1-BF85-A8243EBA0CA6}
		{173194B9-47B7-4383-8A42-EBC7ABC3B05D} = {7B4F1F48-7312-44C1-BF85-A8243EBA0CA6}
		{E047A24B-5349-4F56-9187-B5BBF6CF7E73} = {83872CAA-B29E-473E-A72C-930DDBC0B013}
		{8645D3EE-35B0-4360-A929-24302063C4FE} = {BB5766E7-0344-44F6-8CF4-6B71AC675D8C}
		{65A8B80A-2B4B-4C55-81F6-8D73584B0512} = {BB5766E7-0344-44F6-8CF4-6B71AC675D8C}
		{8E3EC847-BBD5-4DA4-B761-D74D99BDDC27} = {83872CAA-B29E-473E-A72C-930DDBC0B013}
		{21E3E6DD-212C-4D4D-A005-EAEA4BB5ECC2} = {09D2C88A-28C7-4E82-B37C-4C7AC647F3EF}
		{51FA69CB-58AF-467C-99BD-F89ABA2D17DE} = {83872CAA-B29E-473E-A72C-930DDBC0B013}
		{CEB1E5A3-6334-4A4F-AAB4-A8521FFBE9E6} = {51FA69CB-58AF-467C-99BD-F89ABA2D17DE}
		{2DD693F9-3FFC-40B7-98EE-BA8D1EB23D0E} = {51FA69CB-58AF-467C-99BD-F89ABA2D17DE}
	EndGlobalSection
	GlobalSection(ExtensibilityGlobals) = postSolution
		SolutionGuid = {2D26E427-ACCB-4B96-9C41-F63509305FF7}
	EndGlobalSection
EndGlobal
