
Microsoft Visual Studio Solution File, Format Version 12.00
# Visual Studio Version 17
VisualStudioVersion = 17.3.32922.545
MinimumVisualStudioVersion = 10.0.40219.1
Project("{2150E333-8FDC-42A3-9474-1A3956D46DE8}") = "CCS", "CCS", "{6A43EAE1-EF0C-459F-82CA-02B80DD6CEFA}"
EndProject
Project("{2150E333-8FDC-42A3-9474-1A3956D46DE8}") = "GUI", "GUI", "{5E67EE6B-ED98-4D0E-B350-8164F902CB5A}"
EndProject
Project("{2150E333-8FDC-42A3-9474-1A3956D46DE8}") = "HayashiTokei", "HayashiTokei", "{314C290C-39C6-4CA4-A776-7C352DE269BA}"
EndProject
Project("{2150E333-8FDC-42A3-9474-1A3956D46DE8}") = "LightUSB_Control8ARM", "LightUSB_Control8ARM", "{4685F2D0-ACFD-4F0A-8F25-AA5340102F8C}"
EndProject
Project("{2150E333-8FDC-42A3-9474-1A3956D46DE8}") = "Korea-ST8CH", "Korea-ST8CH", "{B3FF66A2-17D6-450A-9A23-8FFEE4421365}"
EndProject
Project("{2150E333-8FDC-42A3-9474-1A3956D46DE8}") = "LEDControl16X", "LEDControl16X", "{99DCDDC5-4F0A-47D9-AF0F-1140ED88A2E6}"
EndProject
Project("{8BC9CEB8-8B4A-11D0-8D11-00A0C91BC942}") = "SamsunLight", "SamsunLight\SamsunLight.vcxproj", "{2E41FF96-A867-4EA1-8AC9-876AC1A8ED28}"
EndProject
Project("{8BC9CEB8-8B4A-11D0-8D11-00A0C91BC942}") = "LightUSB8Port", "LightUSB8Port\LightUSB8Port.vcxproj", "{3D80F65C-6B24-474A-98CD-7889A710B7C4}"
EndProject
Project("{8BC9CEB8-8B4A-11D0-8D11-00A0C91BC942}") = "Light500", "Light500\Light500.vcxproj", "{BCF33DE8-133C-4021-B995-9B3E8211AD17}"
EndProject
Project("{8BC9CEB8-8B4A-11D0-8D11-00A0C91BC942}") = "LightUSB_Control8", "LightUSB_Control8\LightUSB_Control8.vcxproj", "{0B21F9BB-6D30-49B4-BD58-0F152AC402DA}"
EndProject
Project("{8BC9CEB8-8B4A-11D0-8D11-00A0C91BC942}") = "LightUSB_Control8Decode", "LightUSB_Control8Decode\LightUSB_Control8Decode.vcxproj", "{3E4AE112-0190-4656-A98E-AE4E4323CA10}"
EndProject
Project("{8BC9CEB8-8B4A-11D0-8D11-00A0C91BC942}") = "CCSControl", "CCSControl\CCSControl.vcxproj", "{BE0A1C84-8FF6-458E-8EDA-50FA3128DC68}"
EndProject
Project("{8BC9CEB8-8B4A-11D0-8D11-00A0C91BC942}") = "CCSControl2", "CCSControl2\CCSControl2.vcxproj", "{050866B0-03AA-4A32-87E8-F97B95B6CC3B}"
EndProject
Project("{8BC9CEB8-8B4A-11D0-8D11-00A0C91BC942}") = "CCSControlGUI", "..\..\..\GUI\Light\CCSControlGUI\CCSControlGUI.vcxproj", "{BC1E29C5-84EE-4E8B-BCA6-80319711BC70}"
EndProject
Project("{8BC9CEB8-8B4A-11D0-8D11-00A0C91BC942}") = "CCSControl2GUI", "..\..\..\GUI\Light\CCSControl2GUI\CCSControl2GUI.vcxproj", "{BB46514E-FE09-4475-9A94-F7E30155B803}"
EndProject
Project("{8BC9CEB8-8B4A-11D0-8D11-00A0C91BC942}") = "CCSControlByPIO", "CCSControlByPIO\CCSControlByPIO.vcxproj", "{58C11F8C-16B1-4866-9F11-7D418BCD4341}"
EndProject
Project("{8BC9CEB8-8B4A-11D0-8D11-00A0C91BC942}") = "CCSControlByPIO2Ch", "CCSControlByPIO2Ch\CCSControlByPIO2Ch.vcxproj", "{7A16BD77-1733-4226-BCB5-442D5E668338}"
EndProject
Project("{8BC9CEB8-8B4A-11D0-8D11-00A0C91BC942}") = "CCSControlByLAN", "CCSControlByLAN\CCSControlByLAN.vcxproj", "{692552BD-14DE-4025-A1BB-B619DA2F7F58}"
EndProject
Project("{8BC9CEB8-8B4A-11D0-8D11-00A0C91BC942}") = "ControlHayashiTokei", "ControlHayashiTokei\ControlHayashiTokei.vcxproj", "{D918BE78-AD98-4A15-9513-60367007CDB9}"
EndProject
Project("{8BC9CEB8-8B4A-11D0-8D11-00A0C91BC942}") = "ControlHayashiTokeiGUI", "..\..\..\GUI\Light\ControlHayashiTokeiGUI\ControlHayashiTokeiGUI.vcxproj", "{38ED8747-460E-4D7A-81EE-8A03AE16BADE}"
EndProject
Project("{8BC9CEB8-8B4A-11D0-8D11-00A0C91BC942}") = "LightUSB_Control8_2", "LightUSB_Control8_2\LightUSB_Control8_2.vcxproj", "{D0F75423-83DE-4C9E-AA4D-2F7261F773BE}"
EndProject
Project("{8BC9CEB8-8B4A-11D0-8D11-00A0C91BC942}") = "LightUSB8PortARM", "LightUSB8PortARM\LightUSB8PortARM.vcxproj", "{7E327F5A-7D8E-40E7-922E-58AB7B540E88}"
EndProject
Project("{8BC9CEB8-8B4A-11D0-8D11-00A0C91BC942}") = "LightDLLRemoteController", "LightDLLRemoteController\LightDLLRemoteController.vcxproj", "{3DF5676C-00FF-44D8-A151-A074FBA96022}"
EndProject
Project("{8BC9CEB8-8B4A-11D0-8D11-00A0C91BC942}") = "LightUSB_ARM8", "LightUSB_ARM8\LightUSB_ARM8.vcxproj", "{AE718488-A403-439A-873A-7A3166082FF8}"
EndProject
Project("{8BC9CEB8-8B4A-11D0-8D11-00A0C91BC942}") = "LightUSB_Control8ARMV2", "LightUSB_Control8ARMV2\LightUSB_Control8ARMV2.vcxproj", "{3BD28873-20C2-414C-BB1C-2D7D5E14D724}"
EndProject
Project("{8BC9CEB8-8B4A-11D0-8D11-00A0C91BC942}") = "KoreaST8CH", "KoreaST8CH\KoreaST8CH.vcxproj", "{4FBD8EBE-69C2-4225-8507-5324449560D0}"
EndProject
Project("{8BC9CEB8-8B4A-11D0-8D11-00A0C91BC942}") = "KoreaST8ChGUI", "KoreaST8ChGUI\KoreaST8ChGUI.vcxproj", "{9C34D0DB-BB3F-4C22-A517-0C7CC66FAD99}"
EndProject
Project("{8BC9CEB8-8B4A-11D0-8D11-00A0C91BC942}") = "LEDControl32", "LEDControl32\LEDControl32.vcxproj", "{F83438CA-EB4C-4063-AE4D-3BC2DEC40E16}"
EndProject
Project("{8BC9CEB8-8B4A-11D0-8D11-00A0C91BC942}") = "LEDControl16", "LEDControl16\LEDControl16.vcxproj", "{126DB17E-A845-4F67-8662-4939371BB704}"
EndProject
Project("{8BC9CEB8-8B4A-11D0-8D11-00A0C91BC942}") = "LEDControl16A", "LEDControl16A\LEDControl16A.vcxproj", "{36380910-E3FC-4455-9472-681AB55621A7}"
EndProject
Project("{8BC9CEB8-8B4A-11D0-8D11-00A0C91BC942}") = "LEDControl16P16", "LEDControl16P16\LEDControl16P16.vcxproj", "{78BCC0AF-516D-4A4B-81C7-EC4BEA4AEE6B}"
EndProject
Project("{8BC9CEB8-8B4A-11D0-8D11-00A0C91BC942}") = "LEDControl16B", "LEDControl16B\LEDControl16B.vcxproj", "{E94586F1-5CF4-414D-8C06-969B604F8D18}"
EndProject
Project("{8BC9CEB8-8B4A-11D0-8D11-00A0C91BC942}") = "LEDControl16C", "LEDControl16C\LEDControl16C.vcxproj", "{A4F38A13-AC95-46A1-8C3A-8E2B70F1817A}"
EndProject
Project("{8BC9CEB8-8B4A-11D0-8D11-00A0C91BC942}") = "LEDControl16D", "LEDControl16D\LEDControl16D.vcxproj", "{7809653C-46CD-4E40-923D-0ED5B7EE4066}"
EndProject
Project("{8BC9CEB8-8B4A-11D0-8D11-00A0C91BC942}") = "LEDControl16E", "LEDControl16E\LEDControl16E.vcxproj", "{885797E1-50ED-4B1C-B334-DDC97603A81C}"
EndProject
Project("{8BC9CEB8-8B4A-11D0-8D11-00A0C91BC942}") = "LEDControl16F", "LEDControl16F\LEDControl16F.vcxproj", "{678A71C6-500D-4288-B49D-57B7CBD3F813}"
EndProject
Project("{8BC9CEB8-8B4A-11D0-8D11-00A0C91BC942}") = "LEDControl16G", "LEDControl16G\LEDControl16G.vcxproj", "{2984FC45-9184-4DAF-9AB5-EDF39366BA33}"
EndProject
Project("{8BC9CEB8-8B4A-11D0-8D11-00A0C91BC942}") = "LEDControl16GTester", "LEDControl16G\LEDControl16GTester\LEDControl16GTester.vcxproj", "{B12A13A6-71C2-4D28-A990-3A62D6A524CE}"
EndProject
Project("{8BC9CEB8-8B4A-11D0-8D11-00A0C91BC942}") = "OldController", "OldController\OldController.vcxproj", "{EEF233A8-E188-463A-B6E1-358F3C879A51}"
EndProject
Project("{8BC9CEB8-8B4A-11D0-8D11-00A0C91BC942}") = "ImacControlByLAN", "ImacControlByLAN\ImacControlByLAN.vcxproj", "{38B2EB3C-2B65-4A2E-AE6D-8CF60B4B0C38}"
EndProject
Project("{2150E333-8FDC-42A3-9474-1A3956D46DE8}") = "LightDLL", "LightDLL", "{99F35816-E5B1-4E68-98AF-F82EB27342EE}"
EndProject
Project("{8BC9CEB8-8B4A-11D0-8D11-00A0C91BC942}") = "LightDLL", "LightDLL\LightDLL.vcxproj", "{0EAAB268-B005-4DC5-86FE-DBFBB91AD980}"
EndProject
Project("{8BC9CEB8-8B4A-11D0-8D11-00A0C91BC942}") = "LightDLL2Port", "LightDLL2Port\LightDLL2Port.vcxproj", "{A2D0EF40-8E40-4273-A194-4B82D3F9C901}"
EndProject
Project("{8BC9CEB8-8B4A-11D0-8D11-00A0C91BC942}") = "LightDLL4Port", "LightDLL4Port\LightDLL4Port.vcxproj", "{11BC1F2C-C0E6-4A58-A750-4995474A85A3}"
EndProject
Project("{8BC9CEB8-8B4A-11D0-8D11-00A0C91BC942}") = "LightDLL6Port", "LightDLL6Port\LightDLL6Port.vcxproj", "{B7105812-A3C2-4537-B07C-E811D306EE0F}"
EndProject
Project("{8BC9CEB8-8B4A-11D0-8D11-00A0C91BC942}") = "LightDLL8Port", "LightDLL8Port\LightDLL8Port.vcxproj", "{88AD79FD-94D1-43DC-A4D8-A7590D892F4F}"
EndProject
Project("{8BC9CEB8-8B4A-11D0-8D11-00A0C91BC942}") = "LEDControl16GPrn", "LEDControl16GPrn\LEDControl16GPrn.vcxproj", "{1AF43EB0-3675-4A7E-B52A-42940F4EB676}"
EndProject
Project("{8BC9CEB8-8B4A-11D0-8D11-00A0C91BC942}") = "LEDControl16HioPrn", "LEDControl16HioPrn\LEDControl16HioPrn.vcxproj", "{28A8CABF-E8BF-4DD5-82A3-FE1618452060}"
EndProject
Project("{8BC9CEB8-8B4A-11D0-8D11-00A0C91BC942}") = "LEDControl16KDSBelt", "LEDControl16KDSBelt\LEDControl16KDSBelt.vcxproj", "{88C8B99B-5DA5-4315-A23C-7FA9E174FB9A}"
EndProject
Project("{8BC9CEB8-8B4A-11D0-8D11-00A0C91BC942}") = "LEDControl16H", "LEDControl16H\LEDControl16H.vcxproj", "{C4FB2E7E-DF5D-447F-8C75-36788BADFCF0}"
EndProject
Project("{8BC9CEB8-8B4A-11D0-8D11-00A0C91BC942}") = "LEDControl16JioPrn", "LEDControl16JioPrn\LEDControl16JioPrn.vcxproj", "{35575169-EB07-4481-B459-45A6BE82372B}"
EndProject
Global
	GlobalSection(SolutionConfigurationPlatforms) = preSolution
		Debug|Win32 = Debug|Win32
		Debug|x64 = Debug|x64
		Release|Win32 = Release|Win32
		Release|x64 = Release|x64
		Template|Win32 = Template|Win32
		Template|x64 = Template|x64
	EndGlobalSection
	GlobalSection(ProjectConfigurationPlatforms) = postSolution
		{2E41FF96-A867-4EA1-8AC9-876AC1A8ED28}.Debug|Win32.ActiveCfg = Debug|x64
		{2E41FF96-A867-4EA1-8AC9-876AC1A8ED28}.Debug|x64.ActiveCfg = Debug|x64
		{2E41FF96-A867-4EA1-8AC9-876AC1A8ED28}.Debug|x64.Build.0 = Debug|x64
		{2E41FF96-A867-4EA1-8AC9-876AC1A8ED28}.Release|Win32.ActiveCfg = Release|x64
		{2E41FF96-A867-4EA1-8AC9-876AC1A8ED28}.Release|x64.ActiveCfg = Release|x64
		{2E41FF96-A867-4EA1-8AC9-876AC1A8ED28}.Release|x64.Build.0 = Release|x64
		{2E41FF96-A867-4EA1-8AC9-876AC1A8ED28}.Template|Win32.ActiveCfg = Debug|x64
		{2E41FF96-A867-4EA1-8AC9-876AC1A8ED28}.Template|Win32.Build.0 = Debug|x64
		{2E41FF96-A867-4EA1-8AC9-876AC1A8ED28}.Template|x64.ActiveCfg = Debug|x64
		{2E41FF96-A867-4EA1-8AC9-876AC1A8ED28}.Template|x64.Build.0 = Debug|x64
		{3D80F65C-6B24-474A-98CD-7889A710B7C4}.Debug|Win32.ActiveCfg = Debug|Win32
		{3D80F65C-6B24-474A-98CD-7889A710B7C4}.Debug|Win32.Build.0 = Debug|Win32
		{3D80F65C-6B24-474A-98CD-7889A710B7C4}.Debug|x64.ActiveCfg = Debug|x64
		{3D80F65C-6B24-474A-98CD-7889A710B7C4}.Debug|x64.Build.0 = Debug|x64
		{3D80F65C-6B24-474A-98CD-7889A710B7C4}.Release|Win32.ActiveCfg = Release|Win32
		{3D80F65C-6B24-474A-98CD-7889A710B7C4}.Release|Win32.Build.0 = Release|Win32
		{3D80F65C-6B24-474A-98CD-7889A710B7C4}.Release|x64.ActiveCfg = Release|x64
		{3D80F65C-6B24-474A-98CD-7889A710B7C4}.Release|x64.Build.0 = Release|x64
		{3D80F65C-6B24-474A-98CD-7889A710B7C4}.Template|Win32.ActiveCfg = Release|Win32
		{3D80F65C-6B24-474A-98CD-7889A710B7C4}.Template|Win32.Build.0 = Release|Win32
		{3D80F65C-6B24-474A-98CD-7889A710B7C4}.Template|x64.ActiveCfg = Debug|x64
		{3D80F65C-6B24-474A-98CD-7889A710B7C4}.Template|x64.Build.0 = Debug|x64
		{BCF33DE8-133C-4021-B995-9B3E8211AD17}.Debug|Win32.ActiveCfg = Debug|Win32
		{BCF33DE8-133C-4021-B995-9B3E8211AD17}.Debug|Win32.Build.0 = Debug|Win32
		{BCF33DE8-133C-4021-B995-9B3E8211AD17}.Debug|x64.ActiveCfg = Debug|x64
		{BCF33DE8-133C-4021-B995-9B3E8211AD17}.Debug|x64.Build.0 = Debug|x64
		{BCF33DE8-133C-4021-B995-9B3E8211AD17}.Release|Win32.ActiveCfg = Release|Win32
		{BCF33DE8-133C-4021-B995-9B3E8211AD17}.Release|Win32.Build.0 = Release|Win32
		{BCF33DE8-133C-4021-B995-9B3E8211AD17}.Release|x64.ActiveCfg = Release|x64
		{BCF33DE8-133C-4021-B995-9B3E8211AD17}.Release|x64.Build.0 = Release|x64
		{BCF33DE8-133C-4021-B995-9B3E8211AD17}.Template|Win32.ActiveCfg = Release|Win32
		{BCF33DE8-133C-4021-B995-9B3E8211AD17}.Template|Win32.Build.0 = Release|Win32
		{BCF33DE8-133C-4021-B995-9B3E8211AD17}.Template|x64.ActiveCfg = Debug|x64
		{BCF33DE8-133C-4021-B995-9B3E8211AD17}.Template|x64.Build.0 = Debug|x64
		{0B21F9BB-6D30-49B4-BD58-0F152AC402DA}.Debug|Win32.ActiveCfg = Debug|Win32
		{0B21F9BB-6D30-49B4-BD58-0F152AC402DA}.Debug|Win32.Build.0 = Debug|Win32
		{0B21F9BB-6D30-49B4-BD58-0F152AC402DA}.Debug|x64.ActiveCfg = Debug|x64
		{0B21F9BB-6D30-49B4-BD58-0F152AC402DA}.Debug|x64.Build.0 = Debug|x64
		{0B21F9BB-6D30-49B4-BD58-0F152AC402DA}.Release|Win32.ActiveCfg = Release|Win32
		{0B21F9BB-6D30-49B4-BD58-0F152AC402DA}.Release|Win32.Build.0 = Release|Win32
		{0B21F9BB-6D30-49B4-BD58-0F152AC402DA}.Release|x64.ActiveCfg = Release|x64
		{0B21F9BB-6D30-49B4-BD58-0F152AC402DA}.Release|x64.Build.0 = Release|x64
		{0B21F9BB-6D30-49B4-BD58-0F152AC402DA}.Template|Win32.ActiveCfg = Release|Win32
		{0B21F9BB-6D30-49B4-BD58-0F152AC402DA}.Template|Win32.Build.0 = Release|Win32
		{0B21F9BB-6D30-49B4-BD58-0F152AC402DA}.Template|x64.ActiveCfg = Debug|x64
		{0B21F9BB-6D30-49B4-BD58-0F152AC402DA}.Template|x64.Build.0 = Debug|x64
		{3E4AE112-0190-4656-A98E-AE4E4323CA10}.Debug|Win32.ActiveCfg = Debug|Win32
		{3E4AE112-0190-4656-A98E-AE4E4323CA10}.Debug|Win32.Build.0 = Debug|Win32
		{3E4AE112-0190-4656-A98E-AE4E4323CA10}.Debug|x64.ActiveCfg = Debug|x64
		{3E4AE112-0190-4656-A98E-AE4E4323CA10}.Debug|x64.Build.0 = Debug|x64
		{3E4AE112-0190-4656-A98E-AE4E4323CA10}.Release|Win32.ActiveCfg = Release|Win32
		{3E4AE112-0190-4656-A98E-AE4E4323CA10}.Release|Win32.Build.0 = Release|Win32
		{3E4AE112-0190-4656-A98E-AE4E4323CA10}.Release|x64.ActiveCfg = Release|x64
		{3E4AE112-0190-4656-A98E-AE4E4323CA10}.Release|x64.Build.0 = Release|x64
		{3E4AE112-0190-4656-A98E-AE4E4323CA10}.Template|Win32.ActiveCfg = Release|Win32
		{3E4AE112-0190-4656-A98E-AE4E4323CA10}.Template|Win32.Build.0 = Release|Win32
		{3E4AE112-0190-4656-A98E-AE4E4323CA10}.Template|x64.ActiveCfg = Debug|x64
		{3E4AE112-0190-4656-A98E-AE4E4323CA10}.Template|x64.Build.0 = Debug|x64
		{BE0A1C84-8FF6-458E-8EDA-50FA3128DC68}.Debug|Win32.ActiveCfg = Debug|Win32
		{BE0A1C84-8FF6-458E-8EDA-50FA3128DC68}.Debug|Win32.Build.0 = Debug|Win32
		{BE0A1C84-8FF6-458E-8EDA-50FA3128DC68}.Debug|x64.ActiveCfg = Debug|x64
		{BE0A1C84-8FF6-458E-8EDA-50FA3128DC68}.Debug|x64.Build.0 = Debug|x64
		{BE0A1C84-8FF6-458E-8EDA-50FA3128DC68}.Release|Win32.ActiveCfg = Release|Win32
		{BE0A1C84-8FF6-458E-8EDA-50FA3128DC68}.Release|Win32.Build.0 = Release|Win32
		{BE0A1C84-8FF6-458E-8EDA-50FA3128DC68}.Release|x64.ActiveCfg = Release|x64
		{BE0A1C84-8FF6-458E-8EDA-50FA3128DC68}.Release|x64.Build.0 = Release|x64
		{BE0A1C84-8FF6-458E-8EDA-50FA3128DC68}.Template|Win32.ActiveCfg = Release|Win32
		{BE0A1C84-8FF6-458E-8EDA-50FA3128DC68}.Template|Win32.Build.0 = Release|Win32
		{BE0A1C84-8FF6-458E-8EDA-50FA3128DC68}.Template|x64.ActiveCfg = Debug|x64
		{BE0A1C84-8FF6-458E-8EDA-50FA3128DC68}.Template|x64.Build.0 = Debug|x64
		{050866B0-03AA-4A32-87E8-F97B95B6CC3B}.Debug|Win32.ActiveCfg = Debug|Win32
		{050866B0-03AA-4A32-87E8-F97B95B6CC3B}.Debug|Win32.Build.0 = Debug|Win32
		{050866B0-03AA-4A32-87E8-F97B95B6CC3B}.Debug|x64.ActiveCfg = Debug|x64
		{050866B0-03AA-4A32-87E8-F97B95B6CC3B}.Debug|x64.Build.0 = Debug|x64
		{050866B0-03AA-4A32-87E8-F97B95B6CC3B}.Release|Win32.ActiveCfg = Release|Win32
		{050866B0-03AA-4A32-87E8-F97B95B6CC3B}.Release|Win32.Build.0 = Release|Win32
		{050866B0-03AA-4A32-87E8-F97B95B6CC3B}.Release|x64.ActiveCfg = Release|x64
		{050866B0-03AA-4A32-87E8-F97B95B6CC3B}.Release|x64.Build.0 = Release|x64
		{050866B0-03AA-4A32-87E8-F97B95B6CC3B}.Template|Win32.ActiveCfg = Release|Win32
		{050866B0-03AA-4A32-87E8-F97B95B6CC3B}.Template|Win32.Build.0 = Release|Win32
		{050866B0-03AA-4A32-87E8-F97B95B6CC3B}.Template|x64.ActiveCfg = Debug|x64
		{050866B0-03AA-4A32-87E8-F97B95B6CC3B}.Template|x64.Build.0 = Debug|x64
		{BC1E29C5-84EE-4E8B-BCA6-80319711BC70}.Debug|Win32.ActiveCfg = Debug|Win32
		{BC1E29C5-84EE-4E8B-BCA6-80319711BC70}.Debug|Win32.Build.0 = Debug|Win32
		{BC1E29C5-84EE-4E8B-BCA6-80319711BC70}.Debug|x64.ActiveCfg = Debug|x64
		{BC1E29C5-84EE-4E8B-BCA6-80319711BC70}.Debug|x64.Build.0 = Debug|x64
		{BC1E29C5-84EE-4E8B-BCA6-80319711BC70}.Release|Win32.ActiveCfg = Release|Win32
		{BC1E29C5-84EE-4E8B-BCA6-80319711BC70}.Release|Win32.Build.0 = Release|Win32
		{BC1E29C5-84EE-4E8B-BCA6-80319711BC70}.Release|x64.ActiveCfg = Release|x64
		{BC1E29C5-84EE-4E8B-BCA6-80319711BC70}.Release|x64.Build.0 = Release|x64
		{BC1E29C5-84EE-4E8B-BCA6-80319711BC70}.Template|Win32.ActiveCfg = Release|Win32
		{BC1E29C5-84EE-4E8B-BCA6-80319711BC70}.Template|Win32.Build.0 = Release|Win32
		{BC1E29C5-84EE-4E8B-BCA6-80319711BC70}.Template|x64.ActiveCfg = Debug|x64
		{BC1E29C5-84EE-4E8B-BCA6-80319711BC70}.Template|x64.Build.0 = Debug|x64
		{BB46514E-FE09-4475-9A94-F7E30155B803}.Debug|Win32.ActiveCfg = Debug|Win32
		{BB46514E-FE09-4475-9A94-F7E30155B803}.Debug|Win32.Build.0 = Debug|Win32
		{BB46514E-FE09-4475-9A94-F7E30155B803}.Debug|x64.ActiveCfg = Debug|x64
		{BB46514E-FE09-4475-9A94-F7E30155B803}.Debug|x64.Build.0 = Debug|x64
		{BB46514E-FE09-4475-9A94-F7E30155B803}.Release|Win32.ActiveCfg = Release|Win32
		{BB46514E-FE09-4475-9A94-F7E30155B803}.Release|Win32.Build.0 = Release|Win32
		{BB46514E-FE09-4475-9A94-F7E30155B803}.Release|x64.ActiveCfg = Release|x64
		{BB46514E-FE09-4475-9A94-F7E30155B803}.Release|x64.Build.0 = Release|x64
		{BB46514E-FE09-4475-9A94-F7E30155B803}.Template|Win32.ActiveCfg = Release|Win32
		{BB46514E-FE09-4475-9A94-F7E30155B803}.Template|Win32.Build.0 = Release|Win32
		{BB46514E-FE09-4475-9A94-F7E30155B803}.Template|x64.ActiveCfg = Debug|x64
		{BB46514E-FE09-4475-9A94-F7E30155B803}.Template|x64.Build.0 = Debug|x64
		{58C11F8C-16B1-4866-9F11-7D418BCD4341}.Debug|Win32.ActiveCfg = Debug|Win32
		{58C11F8C-16B1-4866-9F11-7D418BCD4341}.Debug|Win32.Build.0 = Debug|Win32
		{58C11F8C-16B1-4866-9F11-7D418BCD4341}.Debug|x64.ActiveCfg = Debug|x64
		{58C11F8C-16B1-4866-9F11-7D418BCD4341}.Debug|x64.Build.0 = Debug|x64
		{58C11F8C-16B1-4866-9F11-7D418BCD4341}.Release|Win32.ActiveCfg = Release|Win32
		{58C11F8C-16B1-4866-9F11-7D418BCD4341}.Release|Win32.Build.0 = Release|Win32
		{58C11F8C-16B1-4866-9F11-7D418BCD4341}.Release|x64.ActiveCfg = Release|x64
		{58C11F8C-16B1-4866-9F11-7D418BCD4341}.Release|x64.Build.0 = Release|x64
		{58C11F8C-16B1-4866-9F11-7D418BCD4341}.Template|Win32.ActiveCfg = Release|Win32
		{58C11F8C-16B1-4866-9F11-7D418BCD4341}.Template|Win32.Build.0 = Release|Win32
		{58C11F8C-16B1-4866-9F11-7D418BCD4341}.Template|x64.ActiveCfg = Debug|x64
		{58C11F8C-16B1-4866-9F11-7D418BCD4341}.Template|x64.Build.0 = Debug|x64
		{7A16BD77-1733-4226-BCB5-442D5E668338}.Debug|Win32.ActiveCfg = Debug|Win32
		{7A16BD77-1733-4226-BCB5-442D5E668338}.Debug|Win32.Build.0 = Debug|Win32
		{7A16BD77-1733-4226-BCB5-442D5E668338}.Debug|x64.ActiveCfg = Debug|x64
		{7A16BD77-1733-4226-BCB5-442D5E668338}.Debug|x64.Build.0 = Debug|x64
		{7A16BD77-1733-4226-BCB5-442D5E668338}.Release|Win32.ActiveCfg = Release|Win32
		{7A16BD77-1733-4226-BCB5-442D5E668338}.Release|Win32.Build.0 = Release|Win32
		{7A16BD77-1733-4226-BCB5-442D5E668338}.Release|x64.ActiveCfg = Release|x64
		{7A16BD77-1733-4226-BCB5-442D5E668338}.Release|x64.Build.0 = Release|x64
		{7A16BD77-1733-4226-BCB5-442D5E668338}.Template|Win32.ActiveCfg = Release|Win32
		{7A16BD77-1733-4226-BCB5-442D5E668338}.Template|Win32.Build.0 = Release|Win32
		{7A16BD77-1733-4226-BCB5-442D5E668338}.Template|x64.ActiveCfg = Debug|x64
		{7A16BD77-1733-4226-BCB5-442D5E668338}.Template|x64.Build.0 = Debug|x64
		{692552BD-14DE-4025-A1BB-B619DA2F7F58}.Debug|Win32.ActiveCfg = Debug|Win32
		{692552BD-14DE-4025-A1BB-B619DA2F7F58}.Debug|Win32.Build.0 = Debug|Win32
		{692552BD-14DE-4025-A1BB-B619DA2F7F58}.Debug|x64.ActiveCfg = Debug|x64
		{692552BD-14DE-4025-A1BB-B619DA2F7F58}.Debug|x64.Build.0 = Debug|x64
		{692552BD-14DE-4025-A1BB-B619DA2F7F58}.Release|Win32.ActiveCfg = Release|Win32
		{692552BD-14DE-4025-A1BB-B619DA2F7F58}.Release|Win32.Build.0 = Release|Win32
		{692552BD-14DE-4025-A1BB-B619DA2F7F58}.Release|x64.ActiveCfg = Release|x64
		{692552BD-14DE-4025-A1BB-B619DA2F7F58}.Release|x64.Build.0 = Release|x64
		{692552BD-14DE-4025-A1BB-B619DA2F7F58}.Template|Win32.ActiveCfg = Release|Win32
		{692552BD-14DE-4025-A1BB-B619DA2F7F58}.Template|Win32.Build.0 = Release|Win32
		{692552BD-14DE-4025-A1BB-B619DA2F7F58}.Template|x64.ActiveCfg = Debug|x64
		{692552BD-14DE-4025-A1BB-B619DA2F7F58}.Template|x64.Build.0 = Debug|x64
		{D918BE78-AD98-4A15-9513-60367007CDB9}.Debug|Win32.ActiveCfg = Debug|Win32
		{D918BE78-AD98-4A15-9513-60367007CDB9}.Debug|Win32.Build.0 = Debug|Win32
		{D918BE78-AD98-4A15-9513-60367007CDB9}.Debug|x64.ActiveCfg = Debug|x64
		{D918BE78-AD98-4A15-9513-60367007CDB9}.Debug|x64.Build.0 = Debug|x64
		{D918BE78-AD98-4A15-9513-60367007CDB9}.Release|Win32.ActiveCfg = Release|Win32
		{D918BE78-AD98-4A15-9513-60367007CDB9}.Release|Win32.Build.0 = Release|Win32
		{D918BE78-AD98-4A15-9513-60367007CDB9}.Release|x64.ActiveCfg = Release|x64
		{D918BE78-AD98-4A15-9513-60367007CDB9}.Release|x64.Build.0 = Release|x64
		{D918BE78-AD98-4A15-9513-60367007CDB9}.Template|Win32.ActiveCfg = Release|Win32
		{D918BE78-AD98-4A15-9513-60367007CDB9}.Template|Win32.Build.0 = Release|Win32
		{D918BE78-AD98-4A15-9513-60367007CDB9}.Template|x64.ActiveCfg = Debug|x64
		{D918BE78-AD98-4A15-9513-60367007CDB9}.Template|x64.Build.0 = Debug|x64
		{38ED8747-460E-4D7A-81EE-8A03AE16BADE}.Debug|Win32.ActiveCfg = Debug|Win32
		{38ED8747-460E-4D7A-81EE-8A03AE16BADE}.Debug|Win32.Build.0 = Debug|Win32
		{38ED8747-460E-4D7A-81EE-8A03AE16BADE}.Debug|x64.ActiveCfg = Debug|x64
		{38ED8747-460E-4D7A-81EE-8A03AE16BADE}.Debug|x64.Build.0 = Debug|x64
		{38ED8747-460E-4D7A-81EE-8A03AE16BADE}.Release|Win32.ActiveCfg = Release|Win32
		{38ED8747-460E-4D7A-81EE-8A03AE16BADE}.Release|Win32.Build.0 = Release|Win32
		{38ED8747-460E-4D7A-81EE-8A03AE16BADE}.Release|x64.ActiveCfg = Release|x64
		{38ED8747-460E-4D7A-81EE-8A03AE16BADE}.Release|x64.Build.0 = Release|x64
		{38ED8747-460E-4D7A-81EE-8A03AE16BADE}.Template|Win32.ActiveCfg = Release|Win32
		{38ED8747-460E-4D7A-81EE-8A03AE16BADE}.Template|Win32.Build.0 = Release|Win32
		{38ED8747-460E-4D7A-81EE-8A03AE16BADE}.Template|x64.ActiveCfg = Debug|x64
		{38ED8747-460E-4D7A-81EE-8A03AE16BADE}.Template|x64.Build.0 = Debug|x64
		{D0F75423-83DE-4C9E-AA4D-2F7261F773BE}.Debug|Win32.ActiveCfg = Debug|Win32
		{D0F75423-83DE-4C9E-AA4D-2F7261F773BE}.Debug|Win32.Build.0 = Debug|Win32
		{D0F75423-83DE-4C9E-AA4D-2F7261F773BE}.Debug|x64.ActiveCfg = Debug|x64
		{D0F75423-83DE-4C9E-AA4D-2F7261F773BE}.Debug|x64.Build.0 = Debug|x64
		{D0F75423-83DE-4C9E-AA4D-2F7261F773BE}.Release|Win32.ActiveCfg = Release|Win32
		{D0F75423-83DE-4C9E-AA4D-2F7261F773BE}.Release|Win32.Build.0 = Release|Win32
		{D0F75423-83DE-4C9E-AA4D-2F7261F773BE}.Release|x64.ActiveCfg = Release|x64
		{D0F75423-83DE-4C9E-AA4D-2F7261F773BE}.Release|x64.Build.0 = Release|x64
		{D0F75423-83DE-4C9E-AA4D-2F7261F773BE}.Template|Win32.ActiveCfg = Release|Win32
		{D0F75423-83DE-4C9E-AA4D-2F7261F773BE}.Template|Win32.Build.0 = Release|Win32
		{D0F75423-83DE-4C9E-AA4D-2F7261F773BE}.Template|x64.ActiveCfg = Debug|x64
		{D0F75423-83DE-4C9E-AA4D-2F7261F773BE}.Template|x64.Build.0 = Debug|x64
		{7E327F5A-7D8E-40E7-922E-58AB7B540E88}.Debug|Win32.ActiveCfg = Debug|Win32
		{7E327F5A-7D8E-40E7-922E-58AB7B540E88}.Debug|Win32.Build.0 = Debug|Win32
		{7E327F5A-7D8E-40E7-922E-58AB7B540E88}.Debug|x64.ActiveCfg = Debug|x64
		{7E327F5A-7D8E-40E7-922E-58AB7B540E88}.Debug|x64.Build.0 = Debug|x64
		{7E327F5A-7D8E-40E7-922E-58AB7B540E88}.Release|Win32.ActiveCfg = Release|Win32
		{7E327F5A-7D8E-40E7-922E-58AB7B540E88}.Release|Win32.Build.0 = Release|Win32
		{7E327F5A-7D8E-40E7-922E-58AB7B540E88}.Release|x64.ActiveCfg = Release|x64
		{7E327F5A-7D8E-40E7-922E-58AB7B540E88}.Release|x64.Build.0 = Release|x64
		{7E327F5A-7D8E-40E7-922E-58AB7B540E88}.Template|Win32.ActiveCfg = Release|Win32
		{7E327F5A-7D8E-40E7-922E-58AB7B540E88}.Template|Win32.Build.0 = Release|Win32
		{7E327F5A-7D8E-40E7-922E-58AB7B540E88}.Template|x64.ActiveCfg = Debug|x64
		{7E327F5A-7D8E-40E7-922E-58AB7B540E88}.Template|x64.Build.0 = Debug|x64
		{3DF5676C-00FF-44D8-A151-A074FBA96022}.Debug|Win32.ActiveCfg = Debug|Win32
		{3DF5676C-00FF-44D8-A151-A074FBA96022}.Debug|Win32.Build.0 = Debug|Win32
		{3DF5676C-00FF-44D8-A151-A074FBA96022}.Debug|x64.ActiveCfg = Debug|x64
		{3DF5676C-00FF-44D8-A151-A074FBA96022}.Debug|x64.Build.0 = Debug|x64
		{3DF5676C-00FF-44D8-A151-A074FBA96022}.Release|Win32.ActiveCfg = Release|Win32
		{3DF5676C-00FF-44D8-A151-A074FBA96022}.Release|Win32.Build.0 = Release|Win32
		{3DF5676C-00FF-44D8-A151-A074FBA96022}.Release|x64.ActiveCfg = Release|x64
		{3DF5676C-00FF-44D8-A151-A074FBA96022}.Release|x64.Build.0 = Release|x64
		{3DF5676C-00FF-44D8-A151-A074FBA96022}.Template|Win32.ActiveCfg = Release|Win32
		{3DF5676C-00FF-44D8-A151-A074FBA96022}.Template|Win32.Build.0 = Release|Win32
		{3DF5676C-00FF-44D8-A151-A074FBA96022}.Template|x64.ActiveCfg = Debug|x64
		{3DF5676C-00FF-44D8-A151-A074FBA96022}.Template|x64.Build.0 = Debug|x64
		{AE718488-A403-439A-873A-7A3166082FF8}.Debug|Win32.ActiveCfg = Debug|Win32
		{AE718488-A403-439A-873A-7A3166082FF8}.Debug|Win32.Build.0 = Debug|Win32
		{AE718488-A403-439A-873A-7A3166082FF8}.Debug|x64.ActiveCfg = Debug|x64
		{AE718488-A403-439A-873A-7A3166082FF8}.Debug|x64.Build.0 = Debug|x64
		{AE718488-A403-439A-873A-7A3166082FF8}.Release|Win32.ActiveCfg = Release|Win32
		{AE718488-A403-439A-873A-7A3166082FF8}.Release|Win32.Build.0 = Release|Win32
		{AE718488-A403-439A-873A-7A3166082FF8}.Release|x64.ActiveCfg = Release|x64
		{AE718488-A403-439A-873A-7A3166082FF8}.Release|x64.Build.0 = Release|x64
		{AE718488-A403-439A-873A-7A3166082FF8}.Template|Win32.ActiveCfg = Release|Win32
		{AE718488-A403-439A-873A-7A3166082FF8}.Template|Win32.Build.0 = Release|Win32
		{AE718488-A403-439A-873A-7A3166082FF8}.Template|x64.ActiveCfg = Debug|x64
		{AE718488-A403-439A-873A-7A3166082FF8}.Template|x64.Build.0 = Debug|x64
		{3BD28873-20C2-414C-BB1C-2D7D5E14D724}.Debug|Win32.ActiveCfg = Debug|Win32
		{3BD28873-20C2-414C-BB1C-2D7D5E14D724}.Debug|Win32.Build.0 = Debug|Win32
		{3BD28873-20C2-414C-BB1C-2D7D5E14D724}.Debug|x64.ActiveCfg = Debug|x64
		{3BD28873-20C2-414C-BB1C-2D7D5E14D724}.Debug|x64.Build.0 = Debug|x64
		{3BD28873-20C2-414C-BB1C-2D7D5E14D724}.Release|Win32.ActiveCfg = Release|Win32
		{3BD28873-20C2-414C-BB1C-2D7D5E14D724}.Release|Win32.Build.0 = Release|Win32
		{3BD28873-20C2-414C-BB1C-2D7D5E14D724}.Release|x64.ActiveCfg = Release|x64
		{3BD28873-20C2-414C-BB1C-2D7D5E14D724}.Release|x64.Build.0 = Release|x64
		{3BD28873-20C2-414C-BB1C-2D7D5E14D724}.Template|Win32.ActiveCfg = Release|Win32
		{3BD28873-20C2-414C-BB1C-2D7D5E14D724}.Template|Win32.Build.0 = Release|Win32
		{3BD28873-20C2-414C-BB1C-2D7D5E14D724}.Template|x64.ActiveCfg = Debug|x64
		{3BD28873-20C2-414C-BB1C-2D7D5E14D724}.Template|x64.Build.0 = Debug|x64
		{4FBD8EBE-69C2-4225-8507-5324449560D0}.Debug|Win32.ActiveCfg = Debug|Win32
		{4FBD8EBE-69C2-4225-8507-5324449560D0}.Debug|Win32.Build.0 = Debug|Win32
		{4FBD8EBE-69C2-4225-8507-5324449560D0}.Debug|x64.ActiveCfg = Debug|x64
		{4FBD8EBE-69C2-4225-8507-5324449560D0}.Debug|x64.Build.0 = Debug|x64
		{4FBD8EBE-69C2-4225-8507-5324449560D0}.Release|Win32.ActiveCfg = Release|Win32
		{4FBD8EBE-69C2-4225-8507-5324449560D0}.Release|Win32.Build.0 = Release|Win32
		{4FBD8EBE-69C2-4225-8507-5324449560D0}.Release|x64.ActiveCfg = Release|x64
		{4FBD8EBE-69C2-4225-8507-5324449560D0}.Release|x64.Build.0 = Release|x64
		{4FBD8EBE-69C2-4225-8507-5324449560D0}.Template|Win32.ActiveCfg = Release|Win32
		{4FBD8EBE-69C2-4225-8507-5324449560D0}.Template|Win32.Build.0 = Release|Win32
		{4FBD8EBE-69C2-4225-8507-5324449560D0}.Template|x64.ActiveCfg = Debug|x64
		{4FBD8EBE-69C2-4225-8507-5324449560D0}.Template|x64.Build.0 = Debug|x64
		{9C34D0DB-BB3F-4C22-A517-0C7CC66FAD99}.Debug|Win32.ActiveCfg = Debug|Win32
		{9C34D0DB-BB3F-4C22-A517-0C7CC66FAD99}.Debug|Win32.Build.0 = Debug|Win32
		{9C34D0DB-BB3F-4C22-A517-0C7CC66FAD99}.Debug|x64.ActiveCfg = Debug|x64
		{9C34D0DB-BB3F-4C22-A517-0C7CC66FAD99}.Debug|x64.Build.0 = Debug|x64
		{9C34D0DB-BB3F-4C22-A517-0C7CC66FAD99}.Release|Win32.ActiveCfg = Release|Win32
		{9C34D0DB-BB3F-4C22-A517-0C7CC66FAD99}.Release|Win32.Build.0 = Release|Win32
		{9C34D0DB-BB3F-4C22-A517-0C7CC66FAD99}.Release|x64.ActiveCfg = Release|x64
		{9C34D0DB-BB3F-4C22-A517-0C7CC66FAD99}.Release|x64.Build.0 = Release|x64
		{9C34D0DB-BB3F-4C22-A517-0C7CC66FAD99}.Template|Win32.ActiveCfg = Release|Win32
		{9C34D0DB-BB3F-4C22-A517-0C7CC66FAD99}.Template|Win32.Build.0 = Release|Win32
		{9C34D0DB-BB3F-4C22-A517-0C7CC66FAD99}.Template|x64.ActiveCfg = Debug|x64
		{9C34D0DB-BB3F-4C22-A517-0C7CC66FAD99}.Template|x64.Build.0 = Debug|x64
		{F83438CA-EB4C-4063-AE4D-3BC2DEC40E16}.Debug|Win32.ActiveCfg = Debug|Win32
		{F83438CA-EB4C-4063-AE4D-3BC2DEC40E16}.Debug|Win32.Build.0 = Debug|Win32
		{F83438CA-EB4C-4063-AE4D-3BC2DEC40E16}.Debug|x64.ActiveCfg = Debug|x64
		{F83438CA-EB4C-4063-AE4D-3BC2DEC40E16}.Debug|x64.Build.0 = Debug|x64
		{F83438CA-EB4C-4063-AE4D-3BC2DEC40E16}.Release|Win32.ActiveCfg = Release|Win32
		{F83438CA-EB4C-4063-AE4D-3BC2DEC40E16}.Release|Win32.Build.0 = Release|Win32
		{F83438CA-EB4C-4063-AE4D-3BC2DEC40E16}.Release|x64.ActiveCfg = Release|x64
		{F83438CA-EB4C-4063-AE4D-3BC2DEC40E16}.Release|x64.Build.0 = Release|x64
		{F83438CA-EB4C-4063-AE4D-3BC2DEC40E16}.Template|Win32.ActiveCfg = Release|Win32
		{F83438CA-EB4C-4063-AE4D-3BC2DEC40E16}.Template|Win32.Build.0 = Release|Win32
		{F83438CA-EB4C-4063-AE4D-3BC2DEC40E16}.Template|x64.ActiveCfg = Debug|x64
		{F83438CA-EB4C-4063-AE4D-3BC2DEC40E16}.Template|x64.Build.0 = Debug|x64
		{126DB17E-A845-4F67-8662-4939371BB704}.Debug|Win32.ActiveCfg = Debug|Win32
		{126DB17E-A845-4F67-8662-4939371BB704}.Debug|Win32.Build.0 = Debug|Win32
		{126DB17E-A845-4F67-8662-4939371BB704}.Debug|x64.ActiveCfg = Debug|x64
		{126DB17E-A845-4F67-8662-4939371BB704}.Debug|x64.Build.0 = Debug|x64
		{126DB17E-A845-4F67-8662-4939371BB704}.Release|Win32.ActiveCfg = Release|Win32
		{126DB17E-A845-4F67-8662-4939371BB704}.Release|Win32.Build.0 = Release|Win32
		{126DB17E-A845-4F67-8662-4939371BB704}.Release|x64.ActiveCfg = Release|x64
		{126DB17E-A845-4F67-8662-4939371BB704}.Release|x64.Build.0 = Release|x64
		{126DB17E-A845-4F67-8662-4939371BB704}.Template|Win32.ActiveCfg = Release|Win32
		{126DB17E-A845-4F67-8662-4939371BB704}.Template|Win32.Build.0 = Release|Win32
		{126DB17E-A845-4F67-8662-4939371BB704}.Template|x64.ActiveCfg = Debug|x64
		{126DB17E-A845-4F67-8662-4939371BB704}.Template|x64.Build.0 = Debug|x64
		{36380910-E3FC-4455-9472-681AB55621A7}.Debug|Win32.ActiveCfg = Debug|Win32
		{36380910-E3FC-4455-9472-681AB55621A7}.Debug|Win32.Build.0 = Debug|Win32
		{36380910-E3FC-4455-9472-681AB55621A7}.Debug|x64.ActiveCfg = Debug|x64
		{36380910-E3FC-4455-9472-681AB55621A7}.Debug|x64.Build.0 = Debug|x64
		{36380910-E3FC-4455-9472-681AB55621A7}.Release|Win32.ActiveCfg = Release|Win32
		{36380910-E3FC-4455-9472-681AB55621A7}.Release|Win32.Build.0 = Release|Win32
		{36380910-E3FC-4455-9472-681AB55621A7}.Release|x64.ActiveCfg = Release|x64
		{36380910-E3FC-4455-9472-681AB55621A7}.Release|x64.Build.0 = Release|x64
		{36380910-E3FC-4455-9472-681AB55621A7}.Template|Win32.ActiveCfg = Release|Win32
		{36380910-E3FC-4455-9472-681AB55621A7}.Template|Win32.Build.0 = Release|Win32
		{36380910-E3FC-4455-9472-681AB55621A7}.Template|x64.ActiveCfg = Debug|x64
		{36380910-E3FC-4455-9472-681AB55621A7}.Template|x64.Build.0 = Debug|x64
		{78BCC0AF-516D-4A4B-81C7-EC4BEA4AEE6B}.Debug|Win32.ActiveCfg = Debug|Win32
		{78BCC0AF-516D-4A4B-81C7-EC4BEA4AEE6B}.Debug|Win32.Build.0 = Debug|Win32
		{78BCC0AF-516D-4A4B-81C7-EC4BEA4AEE6B}.Debug|x64.ActiveCfg = Debug|x64
		{78BCC0AF-516D-4A4B-81C7-EC4BEA4AEE6B}.Debug|x64.Build.0 = Debug|x64
		{78BCC0AF-516D-4A4B-81C7-EC4BEA4AEE6B}.Release|Win32.ActiveCfg = Release|Win32
		{78BCC0AF-516D-4A4B-81C7-EC4BEA4AEE6B}.Release|Win32.Build.0 = Release|Win32
		{78BCC0AF-516D-4A4B-81C7-EC4BEA4AEE6B}.Release|x64.ActiveCfg = Release|x64
		{78BCC0AF-516D-4A4B-81C7-EC4BEA4AEE6B}.Release|x64.Build.0 = Release|x64
		{78BCC0AF-516D-4A4B-81C7-EC4BEA4AEE6B}.Template|Win32.ActiveCfg = Release|Win32
		{78BCC0AF-516D-4A4B-81C7-EC4BEA4AEE6B}.Template|Win32.Build.0 = Release|Win32
		{78BCC0AF-516D-4A4B-81C7-EC4BEA4AEE6B}.Template|x64.ActiveCfg = Debug|x64
		{78BCC0AF-516D-4A4B-81C7-EC4BEA4AEE6B}.Template|x64.Build.0 = Debug|x64
		{E94586F1-5CF4-414D-8C06-969B604F8D18}.Debug|Win32.ActiveCfg = Debug|Win32
		{E94586F1-5CF4-414D-8C06-969B604F8D18}.Debug|Win32.Build.0 = Debug|Win32
		{E94586F1-5CF4-414D-8C06-969B604F8D18}.Debug|x64.ActiveCfg = Debug|x64
		{E94586F1-5CF4-414D-8C06-969B604F8D18}.Debug|x64.Build.0 = Debug|x64
		{E94586F1-5CF4-414D-8C06-969B604F8D18}.Release|Win32.ActiveCfg = Release|Win32
		{E94586F1-5CF4-414D-8C06-969B604F8D18}.Release|Win32.Build.0 = Release|Win32
		{E94586F1-5CF4-414D-8C06-969B604F8D18}.Release|x64.ActiveCfg = Release|x64
		{E94586F1-5CF4-414D-8C06-969B604F8D18}.Release|x64.Build.0 = Release|x64
		{E94586F1-5CF4-414D-8C06-969B604F8D18}.Template|Win32.ActiveCfg = Release|Win32
		{E94586F1-5CF4-414D-8C06-969B604F8D18}.Template|Win32.Build.0 = Release|Win32
		{E94586F1-5CF4-414D-8C06-969B604F8D18}.Template|x64.ActiveCfg = Debug|x64
		{E94586F1-5CF4-414D-8C06-969B604F8D18}.Template|x64.Build.0 = Debug|x64
		{A4F38A13-AC95-46A1-8C3A-8E2B70F1817A}.Debug|Win32.ActiveCfg = Debug|Win32
		{A4F38A13-AC95-46A1-8C3A-8E2B70F1817A}.Debug|Win32.Build.0 = Debug|Win32
		{A4F38A13-AC95-46A1-8C3A-8E2B70F1817A}.Debug|x64.ActiveCfg = Debug|x64
		{A4F38A13-AC95-46A1-8C3A-8E2B70F1817A}.Debug|x64.Build.0 = Debug|x64
		{A4F38A13-AC95-46A1-8C3A-8E2B70F1817A}.Release|Win32.ActiveCfg = Release|Win32
		{A4F38A13-AC95-46A1-8C3A-8E2B70F1817A}.Release|Win32.Build.0 = Release|Win32
		{A4F38A13-AC95-46A1-8C3A-8E2B70F1817A}.Release|x64.ActiveCfg = Release|x64
		{A4F38A13-AC95-46A1-8C3A-8E2B70F1817A}.Release|x64.Build.0 = Release|x64
		{A4F38A13-AC95-46A1-8C3A-8E2B70F1817A}.Template|Win32.ActiveCfg = Release|Win32
		{A4F38A13-AC95-46A1-8C3A-8E2B70F1817A}.Template|Win32.Build.0 = Release|Win32
		{A4F38A13-AC95-46A1-8C3A-8E2B70F1817A}.Template|x64.ActiveCfg = Debug|x64
		{A4F38A13-AC95-46A1-8C3A-8E2B70F1817A}.Template|x64.Build.0 = Debug|x64
		{7809653C-46CD-4E40-923D-0ED5B7EE4066}.Debug|Win32.ActiveCfg = Debug|Win32
		{7809653C-46CD-4E40-923D-0ED5B7EE4066}.Debug|Win32.Build.0 = Debug|Win32
		{7809653C-46CD-4E40-923D-0ED5B7EE4066}.Debug|x64.ActiveCfg = Debug|x64
		{7809653C-46CD-4E40-923D-0ED5B7EE4066}.Debug|x64.Build.0 = Debug|x64
		{7809653C-46CD-4E40-923D-0ED5B7EE4066}.Release|Win32.ActiveCfg = Release|Win32
		{7809653C-46CD-4E40-923D-0ED5B7EE4066}.Release|Win32.Build.0 = Release|Win32
		{7809653C-46CD-4E40-923D-0ED5B7EE4066}.Release|x64.ActiveCfg = Release|x64
		{7809653C-46CD-4E40-923D-0ED5B7EE4066}.Release|x64.Build.0 = Release|x64
		{7809653C-46CD-4E40-923D-0ED5B7EE4066}.Template|Win32.ActiveCfg = Release|Win32
		{7809653C-46CD-4E40-923D-0ED5B7EE4066}.Template|Win32.Build.0 = Release|Win32
		{7809653C-46CD-4E40-923D-0ED5B7EE4066}.Template|x64.ActiveCfg = Debug|x64
		{7809653C-46CD-4E40-923D-0ED5B7EE4066}.Template|x64.Build.0 = Debug|x64
		{885797E1-50ED-4B1C-B334-DDC97603A81C}.Debug|Win32.ActiveCfg = Debug|Win32
		{885797E1-50ED-4B1C-B334-DDC97603A81C}.Debug|Win32.Build.0 = Debug|Win32
		{885797E1-50ED-4B1C-B334-DDC97603A81C}.Debug|x64.ActiveCfg = Debug|x64
		{885797E1-50ED-4B1C-B334-DDC97603A81C}.Debug|x64.Build.0 = Debug|x64
		{885797E1-50ED-4B1C-B334-DDC97603A81C}.Release|Win32.ActiveCfg = Release|Win32
		{885797E1-50ED-4B1C-B334-DDC97603A81C}.Release|Win32.Build.0 = Release|Win32
		{885797E1-50ED-4B1C-B334-DDC97603A81C}.Release|x64.ActiveCfg = Release|x64
		{885797E1-50ED-4B1C-B334-DDC97603A81C}.Release|x64.Build.0 = Release|x64
		{885797E1-50ED-4B1C-B334-DDC97603A81C}.Template|Win32.ActiveCfg = Release|Win32
		{885797E1-50ED-4B1C-B334-DDC97603A81C}.Template|Win32.Build.0 = Release|Win32
		{885797E1-50ED-4B1C-B334-DDC97603A81C}.Template|x64.ActiveCfg = Debug|x64
		{885797E1-50ED-4B1C-B334-DDC97603A81C}.Template|x64.Build.0 = Debug|x64
		{678A71C6-500D-4288-B49D-57B7CBD3F813}.Debug|Win32.ActiveCfg = Debug|Win32
		{678A71C6-500D-4288-B49D-57B7CBD3F813}.Debug|Win32.Build.0 = Debug|Win32
		{678A71C6-500D-4288-B49D-57B7CBD3F813}.Debug|x64.ActiveCfg = Debug|x64
		{678A71C6-500D-4288-B49D-57B7CBD3F813}.Debug|x64.Build.0 = Debug|x64
		{678A71C6-500D-4288-B49D-57B7CBD3F813}.Release|Win32.ActiveCfg = Release|Win32
		{678A71C6-500D-4288-B49D-57B7CBD3F813}.Release|Win32.Build.0 = Release|Win32
		{678A71C6-500D-4288-B49D-57B7CBD3F813}.Release|x64.ActiveCfg = Release|x64
		{678A71C6-500D-4288-B49D-57B7CBD3F813}.Release|x64.Build.0 = Release|x64
		{678A71C6-500D-4288-B49D-57B7CBD3F813}.Template|Win32.ActiveCfg = Release|Win32
		{678A71C6-500D-4288-B49D-57B7CBD3F813}.Template|Win32.Build.0 = Release|Win32
		{678A71C6-500D-4288-B49D-57B7CBD3F813}.Template|x64.ActiveCfg = Debug|x64
		{678A71C6-500D-4288-B49D-57B7CBD3F813}.Template|x64.Build.0 = Debug|x64
		{2984FC45-9184-4DAF-9AB5-EDF39366BA33}.Debug|Win32.ActiveCfg = Debug|Win32
		{2984FC45-9184-4DAF-9AB5-EDF39366BA33}.Debug|Win32.Build.0 = Debug|Win32
		{2984FC45-9184-4DAF-9AB5-EDF39366BA33}.Debug|x64.ActiveCfg = Debug|x64
		{2984FC45-9184-4DAF-9AB5-EDF39366BA33}.Debug|x64.Build.0 = Debug|x64
		{2984FC45-9184-4DAF-9AB5-EDF39366BA33}.Release|Win32.ActiveCfg = Release|Win32
		{2984FC45-9184-4DAF-9AB5-EDF39366BA33}.Release|Win32.Build.0 = Release|Win32
		{2984FC45-9184-4DAF-9AB5-EDF39366BA33}.Release|x64.ActiveCfg = Release|x64
		{2984FC45-9184-4DAF-9AB5-EDF39366BA33}.Release|x64.Build.0 = Release|x64
		{2984FC45-9184-4DAF-9AB5-EDF39366BA33}.Template|Win32.ActiveCfg = Release|Win32
		{2984FC45-9184-4DAF-9AB5-EDF39366BA33}.Template|Win32.Build.0 = Release|Win32
		{2984FC45-9184-4DAF-9AB5-EDF39366BA33}.Template|x64.ActiveCfg = Debug|x64
		{2984FC45-9184-4DAF-9AB5-EDF39366BA33}.Template|x64.Build.0 = Debug|x64
		{B12A13A6-71C2-4D28-A990-3A62D6A524CE}.Debug|Win32.ActiveCfg = Debug|Win32
		{B12A13A6-71C2-4D28-A990-3A62D6A524CE}.Debug|Win32.Build.0 = Debug|Win32
		{B12A13A6-71C2-4D28-A990-3A62D6A524CE}.Debug|x64.ActiveCfg = Debug|x64
		{B12A13A6-71C2-4D28-A990-3A62D6A524CE}.Debug|x64.Build.0 = Debug|x64
		{B12A13A6-71C2-4D28-A990-3A62D6A524CE}.Release|Win32.ActiveCfg = Release|Win32
		{B12A13A6-71C2-4D28-A990-3A62D6A524CE}.Release|Win32.Build.0 = Release|Win32
		{B12A13A6-71C2-4D28-A990-3A62D6A524CE}.Release|x64.ActiveCfg = Release|x64
		{B12A13A6-71C2-4D28-A990-3A62D6A524CE}.Release|x64.Build.0 = Release|x64
		{B12A13A6-71C2-4D28-A990-3A62D6A524CE}.Template|Win32.ActiveCfg = Release|Win32
		{B12A13A6-71C2-4D28-A990-3A62D6A524CE}.Template|Win32.Build.0 = Release|Win32
		{B12A13A6-71C2-4D28-A990-3A62D6A524CE}.Template|x64.ActiveCfg = Debug|x64
		{B12A13A6-71C2-4D28-A990-3A62D6A524CE}.Template|x64.Build.0 = Debug|x64
		{EEF233A8-E188-463A-B6E1-358F3C879A51}.Debug|Win32.ActiveCfg = Debug|Win32
		{EEF233A8-E188-463A-B6E1-358F3C879A51}.Debug|Win32.Build.0 = Debug|Win32
		{EEF233A8-E188-463A-B6E1-358F3C879A51}.Debug|x64.ActiveCfg = Debug|x64
		{EEF233A8-E188-463A-B6E1-358F3C879A51}.Debug|x64.Build.0 = Debug|x64
		{EEF233A8-E188-463A-B6E1-358F3C879A51}.Release|Win32.ActiveCfg = Release|Win32
		{EEF233A8-E188-463A-B6E1-358F3C879A51}.Release|Win32.Build.0 = Release|Win32
		{EEF233A8-E188-463A-B6E1-358F3C879A51}.Release|x64.ActiveCfg = Release|x64
		{EEF233A8-E188-463A-B6E1-358F3C879A51}.Release|x64.Build.0 = Release|x64
		{EEF233A8-E188-463A-B6E1-358F3C879A51}.Template|Win32.ActiveCfg = Release|Win32
		{EEF233A8-E188-463A-B6E1-358F3C879A51}.Template|Win32.Build.0 = Release|Win32
		{EEF233A8-E188-463A-B6E1-358F3C879A51}.Template|x64.ActiveCfg = Debug|x64
		{EEF233A8-E188-463A-B6E1-358F3C879A51}.Template|x64.Build.0 = Debug|x64
		{38B2EB3C-2B65-4A2E-AE6D-8CF60B4B0C38}.Debug|Win32.ActiveCfg = Debug|Win32
		{38B2EB3C-2B65-4A2E-AE6D-8CF60B4B0C38}.Debug|Win32.Build.0 = Debug|Win32
		{38B2EB3C-2B65-4A2E-AE6D-8CF60B4B0C38}.Debug|x64.ActiveCfg = Debug|x64
		{38B2EB3C-2B65-4A2E-AE6D-8CF60B4B0C38}.Debug|x64.Build.0 = Debug|x64
		{38B2EB3C-2B65-4A2E-AE6D-8CF60B4B0C38}.Release|Win32.ActiveCfg = Release|Win32
		{38B2EB3C-2B65-4A2E-AE6D-8CF60B4B0C38}.Release|Win32.Build.0 = Release|Win32
		{38B2EB3C-2B65-4A2E-AE6D-8CF60B4B0C38}.Release|x64.ActiveCfg = Release|x64
		{38B2EB3C-2B65-4A2E-AE6D-8CF60B4B0C38}.Release|x64.Build.0 = Release|x64
		{38B2EB3C-2B65-4A2E-AE6D-8CF60B4B0C38}.Template|Win32.ActiveCfg = Release|Win32
		{38B2EB3C-2B65-4A2E-AE6D-8CF60B4B0C38}.Template|Win32.Build.0 = Release|Win32
		{38B2EB3C-2B65-4A2E-AE6D-8CF60B4B0C38}.Template|x64.ActiveCfg = Debug|x64
		{38B2EB3C-2B65-4A2E-AE6D-8CF60B4B0C38}.Template|x64.Build.0 = Debug|x64
		{0EAAB268-B005-4DC5-86FE-DBFBB91AD980}.Debug|Win32.ActiveCfg = Debug|Win32
		{0EAAB268-B005-4DC5-86FE-DBFBB91AD980}.Debug|Win32.Build.0 = Debug|Win32
		{0EAAB268-B005-4DC5-86FE-DBFBB91AD980}.Debug|x64.ActiveCfg = Debug|x64
		{0EAAB268-B005-4DC5-86FE-DBFBB91AD980}.Debug|x64.Build.0 = Debug|x64
		{0EAAB268-B005-4DC5-86FE-DBFBB91AD980}.Release|Win32.ActiveCfg = Release|Win32
		{0EAAB268-B005-4DC5-86FE-DBFBB91AD980}.Release|Win32.Build.0 = Release|Win32
		{0EAAB268-B005-4DC5-86FE-DBFBB91AD980}.Release|x64.ActiveCfg = Release|x64
		{0EAAB268-B005-4DC5-86FE-DBFBB91AD980}.Release|x64.Build.0 = Release|x64
		{0EAAB268-B005-4DC5-86FE-DBFBB91AD980}.Template|Win32.ActiveCfg = Template|Win32
		{0EAAB268-B005-4DC5-86FE-DBFBB91AD980}.Template|Win32.Build.0 = Template|Win32
		{0EAAB268-B005-4DC5-86FE-DBFBB91AD980}.Template|x64.ActiveCfg = Template|x64
		{0EAAB268-B005-4DC5-86FE-DBFBB91AD980}.Template|x64.Build.0 = Template|x64
		{A2D0EF40-8E40-4273-A194-4B82D3F9C901}.Debug|Win32.ActiveCfg = Debug|Win32
		{A2D0EF40-8E40-4273-A194-4B82D3F9C901}.Debug|Win32.Build.0 = Debug|Win32
		{A2D0EF40-8E40-4273-A194-4B82D3F9C901}.Debug|x64.ActiveCfg = Debug|x64
		{A2D0EF40-8E40-4273-A194-4B82D3F9C901}.Debug|x64.Build.0 = Debug|x64
		{A2D0EF40-8E40-4273-A194-4B82D3F9C901}.Release|Win32.ActiveCfg = Release|Win32
		{A2D0EF40-8E40-4273-A194-4B82D3F9C901}.Release|Win32.Build.0 = Release|Win32
		{A2D0EF40-8E40-4273-A194-4B82D3F9C901}.Release|x64.ActiveCfg = Release|x64
		{A2D0EF40-8E40-4273-A194-4B82D3F9C901}.Release|x64.Build.0 = Release|x64
		{A2D0EF40-8E40-4273-A194-4B82D3F9C901}.Template|Win32.ActiveCfg = Template|Win32
		{A2D0EF40-8E40-4273-A194-4B82D3F9C901}.Template|Win32.Build.0 = Template|Win32
		{A2D0EF40-8E40-4273-A194-4B82D3F9C901}.Template|x64.ActiveCfg = Template|x64
		{A2D0EF40-8E40-4273-A194-4B82D3F9C901}.Template|x64.Build.0 = Template|x64
		{11BC1F2C-C0E6-4A58-A750-4995474A85A3}.Debug|Win32.ActiveCfg = Debug|Win32
		{11BC1F2C-C0E6-4A58-A750-4995474A85A3}.Debug|Win32.Build.0 = Debug|Win32
		{11BC1F2C-C0E6-4A58-A750-4995474A85A3}.Debug|x64.ActiveCfg = Debug|x64
		{11BC1F2C-C0E6-4A58-A750-4995474A85A3}.Debug|x64.Build.0 = Debug|x64
		{11BC1F2C-C0E6-4A58-A750-4995474A85A3}.Release|Win32.ActiveCfg = Release|Win32
		{11BC1F2C-C0E6-4A58-A750-4995474A85A3}.Release|Win32.Build.0 = Release|Win32
		{11BC1F2C-C0E6-4A58-A750-4995474A85A3}.Release|x64.ActiveCfg = Release|x64
		{11BC1F2C-C0E6-4A58-A750-4995474A85A3}.Release|x64.Build.0 = Release|x64
		{11BC1F2C-C0E6-4A58-A750-4995474A85A3}.Template|Win32.ActiveCfg = Debug|Win32
		{11BC1F2C-C0E6-4A58-A750-4995474A85A3}.Template|Win32.Build.0 = Debug|Win32
		{11BC1F2C-C0E6-4A58-A750-4995474A85A3}.Template|x64.ActiveCfg = Debug|x64
		{11BC1F2C-C0E6-4A58-A750-4995474A85A3}.Template|x64.Build.0 = Debug|x64
		{B7105812-A3C2-4537-B07C-E811D306EE0F}.Debug|Win32.ActiveCfg = Debug|Win32
		{B7105812-A3C2-4537-B07C-E811D306EE0F}.Debug|Win32.Build.0 = Debug|Win32
		{B7105812-A3C2-4537-B07C-E811D306EE0F}.Debug|x64.ActiveCfg = Debug|x64
		{B7105812-A3C2-4537-B07C-E811D306EE0F}.Debug|x64.Build.0 = Debug|x64
		{B7105812-A3C2-4537-B07C-E811D306EE0F}.Release|Win32.ActiveCfg = Release|Win32
		{B7105812-A3C2-4537-B07C-E811D306EE0F}.Release|Win32.Build.0 = Release|Win32
		{B7105812-A3C2-4537-B07C-E811D306EE0F}.Release|x64.ActiveCfg = Release|x64
		{B7105812-A3C2-4537-B07C-E811D306EE0F}.Release|x64.Build.0 = Release|x64
		{B7105812-A3C2-4537-B07C-E811D306EE0F}.Template|Win32.ActiveCfg = Template|Win32
		{B7105812-A3C2-4537-B07C-E811D306EE0F}.Template|Win32.Build.0 = Template|Win32
		{B7105812-A3C2-4537-B07C-E811D306EE0F}.Template|x64.ActiveCfg = Template|x64
		{B7105812-A3C2-4537-B07C-E811D306EE0F}.Template|x64.Build.0 = Template|x64
		{88AD79FD-94D1-43DC-A4D8-A7590D892F4F}.Debug|Win32.ActiveCfg = Debug|Win32
		{88AD79FD-94D1-43DC-A4D8-A7590D892F4F}.Debug|Win32.Build.0 = Debug|Win32
		{88AD79FD-94D1-43DC-A4D8-A7590D892F4F}.Debug|x64.ActiveCfg = Debug|x64
		{88AD79FD-94D1-43DC-A4D8-A7590D892F4F}.Debug|x64.Build.0 = Debug|x64
		{88AD79FD-94D1-43DC-A4D8-A7590D892F4F}.Release|Win32.ActiveCfg = Release|Win32
		{88AD79FD-94D1-43DC-A4D8-A7590D892F4F}.Release|Win32.Build.0 = Release|Win32
		{88AD79FD-94D1-43DC-A4D8-A7590D892F4F}.Release|x64.ActiveCfg = Release|x64
		{88AD79FD-94D1-43DC-A4D8-A7590D892F4F}.Release|x64.Build.0 = Release|x64
		{88AD79FD-94D1-43DC-A4D8-A7590D892F4F}.Template|Win32.ActiveCfg = Template|Win32
		{88AD79FD-94D1-43DC-A4D8-A7590D892F4F}.Template|Win32.Build.0 = Template|Win32
		{88AD79FD-94D1-43DC-A4D8-A7590D892F4F}.Template|x64.ActiveCfg = Template|x64
		{88AD79FD-94D1-43DC-A4D8-A7590D892F4F}.Template|x64.Build.0 = Template|x64
		{1AF43EB0-3675-4A7E-B52A-42940F4EB676}.Debug|Win32.ActiveCfg = Debug|x64
		{1AF43EB0-3675-4A7E-B52A-42940F4EB676}.Debug|x64.ActiveCfg = Debug|x64
		{1AF43EB0-3675-4A7E-B52A-42940F4EB676}.Debug|x64.Build.0 = Debug|x64
		{1AF43EB0-3675-4A7E-B52A-42940F4EB676}.Release|Win32.ActiveCfg = Release|x64
		{1AF43EB0-3675-4A7E-B52A-42940F4EB676}.Release|x64.ActiveCfg = Release|x64
		{1AF43EB0-3675-4A7E-B52A-42940F4EB676}.Release|x64.Build.0 = Release|x64
		{1AF43EB0-3675-4A7E-B52A-42940F4EB676}.Template|Win32.ActiveCfg = Debug|x64
		{1AF43EB0-3675-4A7E-B52A-42940F4EB676}.Template|Win32.Build.0 = Debug|x64
		{1AF43EB0-3675-4A7E-B52A-42940F4EB676}.Template|x64.ActiveCfg = Debug|x64
		{1AF43EB0-3675-4A7E-B52A-42940F4EB676}.Template|x64.Build.0 = Debug|x64
		{28A8CABF-E8BF-4DD5-82A3-FE1618452060}.Debug|Win32.ActiveCfg = Debug|x64
		{28A8CABF-E8BF-4DD5-82A3-FE1618452060}.Debug|Win32.Build.0 = Debug|x64
		{28A8CABF-E8BF-4DD5-82A3-FE1618452060}.Debug|x64.ActiveCfg = Debug|x64
		{28A8CABF-E8BF-4DD5-82A3-FE1618452060}.Debug|x64.Build.0 = Debug|x64
		{28A8CABF-E8BF-4DD5-82A3-FE1618452060}.Release|Win32.ActiveCfg = Release|x64
		{28A8CABF-E8BF-4DD5-82A3-FE1618452060}.Release|Win32.Build.0 = Release|x64
		{28A8CABF-E8BF-4DD5-82A3-FE1618452060}.Release|x64.ActiveCfg = Release|x64
		{28A8CABF-E8BF-4DD5-82A3-FE1618452060}.Release|x64.Build.0 = Release|x64
		{28A8CABF-E8BF-4DD5-82A3-FE1618452060}.Template|Win32.ActiveCfg = Debug|x64
		{28A8CABF-E8BF-4DD5-82A3-FE1618452060}.Template|Win32.Build.0 = Debug|x64
		{28A8CABF-E8BF-4DD5-82A3-FE1618452060}.Template|x64.ActiveCfg = Debug|x64
		{28A8CABF-E8BF-4DD5-82A3-FE1618452060}.Template|x64.Build.0 = Debug|x64
		{88C8B99B-5DA5-4315-A23C-7FA9E174FB9A}.Debug|Win32.ActiveCfg = Debug|x64
		{88C8B99B-5DA5-4315-A23C-7FA9E174FB9A}.Debug|Win32.Build.0 = Debug|x64
		{88C8B99B-5DA5-4315-A23C-7FA9E174FB9A}.Debug|x64.ActiveCfg = Debug|x64
		{88C8B99B-5DA5-4315-A23C-7FA9E174FB9A}.Debug|x64.Build.0 = Debug|x64
		{88C8B99B-5DA5-4315-A23C-7FA9E174FB9A}.Release|Win32.ActiveCfg = Release|x64
		{88C8B99B-5DA5-4315-A23C-7FA9E174FB9A}.Release|Win32.Build.0 = Release|x64
		{88C8B99B-5DA5-4315-A23C-7FA9E174FB9A}.Release|x64.ActiveCfg = Release|x64
		{88C8B99B-5DA5-4315-A23C-7FA9E174FB9A}.Release|x64.Build.0 = Release|x64
		{88C8B99B-5DA5-4315-A23C-7FA9E174FB9A}.Template|Win32.ActiveCfg = Debug|x64
		{88C8B99B-5DA5-4315-A23C-7FA9E174FB9A}.Template|Win32.Build.0 = Debug|x64
		{88C8B99B-5DA5-4315-A23C-7FA9E174FB9A}.Template|x64.ActiveCfg = Debug|x64
		{88C8B99B-5DA5-4315-A23C-7FA9E174FB9A}.Template|x64.Build.0 = Debug|x64
		{C4FB2E7E-DF5D-447F-8C75-36788BADFCF0}.Debug|Win32.ActiveCfg = Debug|Win32
		{C4FB2E7E-DF5D-447F-8C75-36788BADFCF0}.Debug|Win32.Build.0 = Debug|Win32
		{C4FB2E7E-DF5D-447F-8C75-36788BADFCF0}.Debug|x64.ActiveCfg = Debug|x64
		{C4FB2E7E-DF5D-447F-8C75-36788BADFCF0}.Debug|x64.Build.0 = Debug|x64
		{C4FB2E7E-DF5D-447F-8C75-36788BADFCF0}.Release|Win32.ActiveCfg = Release|Win32
		{C4FB2E7E-DF5D-447F-8C75-36788BADFCF0}.Release|Win32.Build.0 = Release|Win32
		{C4FB2E7E-DF5D-447F-8C75-36788BADFCF0}.Release|x64.ActiveCfg = Release|x64
		{C4FB2E7E-DF5D-447F-8C75-36788BADFCF0}.Release|x64.Build.0 = Release|x64
		{C4FB2E7E-DF5D-447F-8C75-36788BADFCF0}.Template|Win32.ActiveCfg = Debug|Win32
		{C4FB2E7E-DF5D-447F-8C75-36788BADFCF0}.Template|Win32.Build.0 = Debug|Win32
		{C4FB2E7E-DF5D-447F-8C75-36788BADFCF0}.Template|x64.ActiveCfg = Release|x64
		{C4FB2E7E-DF5D-447F-8C75-36788BADFCF0}.Template|x64.Build.0 = Release|x64
		{35575169-EB07-4481-B459-45A6BE82372B}.Debug|Win32.ActiveCfg = Debug|x64
		{35575169-EB07-4481-B459-45A6BE82372B}.Debug|Win32.Build.0 = Debug|x64
		{35575169-EB07-4481-B459-45A6BE82372B}.Debug|x64.ActiveCfg = Debug|x64
		{35575169-EB07-4481-B459-45A6BE82372B}.Debug|x64.Build.0 = Debug|x64
		{35575169-EB07-4481-B459-45A6BE82372B}.Release|Win32.ActiveCfg = Release|x64
		{35575169-EB07-4481-B459-45A6BE82372B}.Release|Win32.Build.0 = Release|x64
		{35575169-EB07-4481-B459-45A6BE82372B}.Release|x64.ActiveCfg = Release|x64
		{35575169-EB07-4481-B459-45A6BE82372B}.Release|x64.Build.0 = Release|x64
		{35575169-EB07-4481-B459-45A6BE82372B}.Template|Win32.ActiveCfg = Debug|x64
		{35575169-EB07-4481-B459-45A6BE82372B}.Template|Win32.Build.0 = Debug|x64
		{35575169-EB07-4481-B459-45A6BE82372B}.Template|x64.ActiveCfg = Debug|x64
		{35575169-EB07-4481-B459-45A6BE82372B}.Template|x64.Build.0 = Debug|x64
	EndGlobalSection
	GlobalSection(SolutionProperties) = preSolution
		HideSolutionNode = FALSE
	EndGlobalSection
	GlobalSection(NestedProjects) = preSolution
		{5E67EE6B-ED98-4D0E-B350-8164F902CB5A} = {6A43EAE1-EF0C-459F-82CA-02B80DD6CEFA}
		{0B21F9BB-6D30-49B4-BD58-0F152AC402DA} = {4685F2D0-ACFD-4F0A-8F25-AA5340102F8C}
		{3E4AE112-0190-4656-A98E-AE4E4323CA10} = {4685F2D0-ACFD-4F0A-8F25-AA5340102F8C}
		{BE0A1C84-8FF6-458E-8EDA-50FA3128DC68} = {6A43EAE1-EF0C-459F-82CA-02B80DD6CEFA}
		{050866B0-03AA-4A32-87E8-F97B95B6CC3B} = {6A43EAE1-EF0C-459F-82CA-02B80DD6CEFA}
		{BC1E29C5-84EE-4E8B-BCA6-80319711BC70} = {5E67EE6B-ED98-4D0E-B350-8164F902CB5A}
		{BB46514E-FE09-4475-9A94-F7E30155B803} = {5E67EE6B-ED98-4D0E-B350-8164F902CB5A}
		{58C11F8C-16B1-4866-9F11-7D418BCD4341} = {6A43EAE1-EF0C-459F-82CA-02B80DD6CEFA}
		{7A16BD77-1733-4226-BCB5-442D5E668338} = {6A43EAE1-EF0C-459F-82CA-02B80DD6CEFA}
		{692552BD-14DE-4025-A1BB-B619DA2F7F58} = {6A43EAE1-EF0C-459F-82CA-02B80DD6CEFA}
		{D918BE78-AD98-4A15-9513-60367007CDB9} = {314C290C-39C6-4CA4-A776-7C352DE269BA}
		{38ED8747-460E-4D7A-81EE-8A03AE16BADE} = {314C290C-39C6-4CA4-A776-7C352DE269BA}
		{D0F75423-83DE-4C9E-AA4D-2F7261F773BE} = {4685F2D0-ACFD-4F0A-8F25-AA5340102F8C}
		{3BD28873-20C2-414C-BB1C-2D7D5E14D724} = {4685F2D0-ACFD-4F0A-8F25-AA5340102F8C}
		{4FBD8EBE-69C2-4225-8507-5324449560D0} = {B3FF66A2-17D6-450A-9A23-8FFEE4421365}
		{9C34D0DB-BB3F-4C22-A517-0C7CC66FAD99} = {B3FF66A2-17D6-450A-9A23-8FFEE4421365}
		{126DB17E-A845-4F67-8662-4939371BB704} = {99DCDDC5-4F0A-47D9-AF0F-1140ED88A2E6}
		{36380910-E3FC-4455-9472-681AB55621A7} = {99DCDDC5-4F0A-47D9-AF0F-1140ED88A2E6}
		{78BCC0AF-516D-4A4B-81C7-EC4BEA4AEE6B} = {99DCDDC5-4F0A-47D9-AF0F-1140ED88A2E6}
		{E94586F1-5CF4-414D-8C06-969B604F8D18} = {99DCDDC5-4F0A-47D9-AF0F-1140ED88A2E6}
		{A4F38A13-AC95-46A1-8C3A-8E2B70F1817A} = {99DCDDC5-4F0A-47D9-AF0F-1140ED88A2E6}
		{7809653C-46CD-4E40-923D-0ED5B7EE4066} = {99DCDDC5-4F0A-47D9-AF0F-1140ED88A2E6}
		{885797E1-50ED-4B1C-B334-DDC97603A81C} = {99DCDDC5-4F0A-47D9-AF0F-1140ED88A2E6}
		{678A71C6-500D-4288-B49D-57B7CBD3F813} = {99DCDDC5-4F0A-47D9-AF0F-1140ED88A2E6}
		{2984FC45-9184-4DAF-9AB5-EDF39366BA33} = {99DCDDC5-4F0A-47D9-AF0F-1140ED88A2E6}
		{B12A13A6-71C2-4D28-A990-3A62D6A524CE} = {99DCDDC5-4F0A-47D9-AF0F-1140ED88A2E6}
		{0EAAB268-B005-4DC5-86FE-DBFBB91AD980} = {99F35816-E5B1-4E68-98AF-F82EB27342EE}
		{A2D0EF40-8E40-4273-A194-4B82D3F9C901} = {99F35816-E5B1-4E68-98AF-F82EB27342EE}
		{11BC1F2C-C0E6-4A58-A750-4995474A85A3} = {99F35816-E5B1-4E68-98AF-F82EB27342EE}
		{B7105812-A3C2-4537-B07C-E811D306EE0F} = {99F35816-E5B1-4E68-98AF-F82EB27342EE}
		{88AD79FD-94D1-43DC-A4D8-A7590D892F4F} = {99F35816-E5B1-4E68-98AF-F82EB27342EE}
		{1AF43EB0-3675-4A7E-B52A-42940F4EB676} = {99DCDDC5-4F0A-47D9-AF0F-1140ED88A2E6}
		{28A8CABF-E8BF-4DD5-82A3-FE1618452060} = {99DCDDC5-4F0A-47D9-AF0F-1140ED88A2E6}
		{88C8B99B-5DA5-4315-A23C-7FA9E174FB9A} = {99DCDDC5-4F0A-47D9-AF0F-1140ED88A2E6}
		{C4FB2E7E-DF5D-447F-8C75-36788BADFCF0} = {99DCDDC5-4F0A-47D9-AF0F-1140ED88A2E6}
		{35575169-EB07-4481-B459-45A6BE82372B} = {99DCDDC5-4F0A-47D9-AF0F-1140ED88A2E6}
	EndGlobalSection
	GlobalSection(ExtensibilityGlobals) = postSolution
		SolutionGuid = {9BCC90A9-1F12-4F12-9F15-3E0BFE2B6FCF}
		QtVersion = $(DefaultQtVersion)
		Qt5Version = $(DefaultQtVersion)
	EndGlobalSection
	GlobalSection(Qt) = preSolution
		Integration = True
	EndGlobalSection
EndGlobal
