
Microsoft Visual Studio Solution File, Format Version 12.00
# Visual Studio Version 16
VisualStudioVersion = 16.0.31702.278
MinimumVisualStudioVersion = 10.0.40219.1
Project("{8BC9CEB8-8B4A-11D0-8D11-00A0C91BC942}") = "PQSystemLib", "PQSystemLib.vcxproj", "{8B4F4691-C516-4DEF-A148-FC71C573C7DE}"
EndProject
Global
	GlobalSection(SolutionConfigurationPlatforms) = preSolution
		Debug|x64 = Debug|x64
		Release|x64 = Release|x64
	EndGlobalSection
	GlobalSection(ProjectConfigurationPlatforms) = postSolution
		{8B4F4691-C516-4DEF-A148-FC71C573C7DE}.Debug|x64.ActiveCfg = Debug|x64
		{8B4F4691-C516-4DEF-A148-FC71C573C7DE}.Debug|x64.Build.0 = Debug|x64
		{8B4F4691-C516-4DEF-A148-FC71C573C7DE}.Release|x64.ActiveCfg = Release|x64
		{8B4F4691-C516-4DEF-A148-FC71C573C7DE}.Release|x64.Build.0 = Release|x64
	EndGlobalSection
	GlobalSection(SolutionProperties) = preSolution
		HideSolutionNode = FALSE
	EndGlobalSection
	GlobalSection(ExtensibilityGlobals) = postSolution
		SolutionGuid = {AE1A692D-0C50-4D2E-B245-11FDBED8833A}
	EndGlobalSection
EndGlobal
