<?xml version="1.0" encoding="utf-8"?>
<Project ToolsVersion="4.0" xmlns="http://schemas.microsoft.com/developer/msbuild/2003">
  <ItemGroup>
    <Filter Include="Source Files">
      <UniqueIdentifier>{4FC737F1-C7A5-4376-A066-2A32D752A2FF}</UniqueIdentifier>
      <Extensions>cpp;cxx;c;def</Extensions>
    </Filter>
    <Filter Include="Header Files">
      <UniqueIdentifier>{93995380-89BD-4b04-88EB-625FBE52EBFB}</UniqueIdentifier>
      <Extensions>h</Extensions>
    </Filter>
    <Filter Include="Form Files">
      <UniqueIdentifier>{99349809-55BA-4b9d-BF79-8FDBB0286EB3}</UniqueIdentifier>
      <Extensions>ui</Extensions>
    </Filter>
    <Filter Include="Resource Files">
      <UniqueIdentifier>{D9D6E242-F8AF-46E4-B9FD-80ECBC20BA3E}</UniqueIdentifier>
      <Extensions>qrc;*</Extensions>
      <ParseFiles>false</ParseFiles>
    </Filter>
    <Filter Include="Generated Files">
      <UniqueIdentifier>{71ED8ED8-ACB9-4CE9-BBE1-E00B30144E11}</UniqueIdentifier>
      <Extensions>moc;h;cpp</Extensions>
      <SourceControlFiles>False</SourceControlFiles>
    </Filter>
    <Filter Include="Generated Files\Debug">
      <UniqueIdentifier>{82ce925d-2e87-4848-9ade-80de24cbabf0}</UniqueIdentifier>
      <Extensions>cpp;moc</Extensions>
      <SourceControlFiles>False</SourceControlFiles>
    </Filter>
    <Filter Include="Generated Files\Release">
      <UniqueIdentifier>{accea558-f954-4f9c-be17-b46f00393010}</UniqueIdentifier>
      <Extensions>cpp;moc</Extensions>
      <SourceControlFiles>False</SourceControlFiles>
    </Filter>
  </ItemGroup>
  <ItemGroup>
    <ClCompile Include="NGImageForReview.cpp">
      <Filter>Source Files</Filter>
    </ClCompile>
    <ClCompile Include="..\..\Open\GUIDllCommon.cpp">
      <Filter>Source Files</Filter>
    </ClCompile>
    <ClCompile Include="..\..\Open\SystemVersion.cpp">
      <Filter>Source Files</Filter>
    </ClCompile>
    
    
    <ClCompile Include="..\XGUIReviewGlobal.cpp">
      <Filter>Source Files</Filter>
    </ClCompile>
    <ClCompile Include="..\XReviewCommon.cpp">
      <Filter>Source Files</Filter>
    </ClCompile>
    <ClCompile Include="PieceDisplay.cpp">
      <Filter>Source Files</Filter>
    </ClCompile>
    
    
    <ClCompile Include="..\XGUIReviewCommon.cpp">
      <Filter>Source Files</Filter>
    </ClCompile>
    <ClCompile Include="NGImageForReviewProperty.cpp">
      <Filter>Source Files</Filter>
    </ClCompile>
    <ClCompile Include="NGImageForReviewPropertyFunction.cpp">
      <Filter>Source Files</Filter>
    </ClCompile>
    <ClCompile Include="..\..\GeneralSource\XReviewSettingFileSectionReader.cpp">
      <Filter>Source Files</Filter>
    </ClCompile>
    <ClCompile Include="..\..\Algorithm\ReviewStructure\JDTAnalyzer.cpp">
      <Filter>Source Files</Filter>
    </ClCompile>
    
    <ClCompile Include="NGImageForReviewResource.cpp">
      <Filter>Source Files</Filter>
    </ClCompile>
  </ItemGroup>
  <ItemGroup>
    <ClInclude Include="ngimageforreview_global.h">
      <Filter>Header Files</Filter>
    </ClInclude>
    <ClInclude Include="NGImageForReviewPacket.h">
      <Filter>Header Files</Filter>
    </ClInclude>
    <ClInclude Include="..\XGUIReviewCommon.h">
      <Filter>Header Files</Filter>
    </ClInclude>
    <ClInclude Include="NGImageForReviewProperty.h">
      <Filter>Header Files</Filter>
    </ClInclude>
    
    <ClInclude Include="NGImageForReviewResource.h">
      <Filter>Header Files</Filter>
    </ClInclude>
  </ItemGroup>
  <ItemGroup>
    <QtMoc Include="NGImageForReview.h">
      <Filter>Header Files</Filter>
    </QtMoc>
    <QtMoc Include="PieceDisplay.h">
      <Filter>Header Files</Filter>
    </QtMoc>
    <QtUic Include="NGImageForReviewPropertyForm.ui">
      <Filter>Form Files</Filter>
    </QtUic>
    <QtRcc Include="NGImageForReview.qrc">
      <Filter>Resource Files</Filter>
    </QtRcc>
  </ItemGroup>
  <ItemGroup>
    <None Include="Resources\NGImageForReview.png">
      <Filter>Resource Files</Filter>
    </None>
  </ItemGroup>
</Project>