<?xml version="1.0" encoding="utf-8"?>
<Project ToolsVersion="4.0" xmlns="http://schemas.microsoft.com/developer/msbuild/2003">
  <ItemGroup>
    <Filter Include="Source Files">
      <UniqueIdentifier>{4FC737F1-C7A5-4376-A066-2A32D752A2FF}</UniqueIdentifier>
      <Extensions>cpp;cxx;c;def</Extensions>
    </Filter>
    <Filter Include="Header Files">
      <UniqueIdentifier>{93995380-89BD-4b04-88EB-625FBE52EBFB}</UniqueIdentifier>
      <Extensions>h</Extensions>
    </Filter>
    <Filter Include="Form Files">
      <UniqueIdentifier>{99349809-55BA-4b9d-BF79-8FDBB0286EB3}</UniqueIdentifier>
      <Extensions>ui</Extensions>
    </Filter>
    <Filter Include="Resource Files">
      <UniqueIdentifier>{D9D6E242-F8AF-46E4-B9FD-80ECBC20BA3E}</UniqueIdentifier>
      <Extensions>qrc;*</Extensions>
      <ParseFiles>false</ParseFiles>
    </Filter>
    <Filter Include="Generated Files">
      <UniqueIdentifier>{71ED8ED8-ACB9-4CE9-BBE1-E00B30144E11}</UniqueIdentifier>
      <Extensions>moc;h;cpp</Extensions>
      <SourceControlFiles>False</SourceControlFiles>
    </Filter>
    <Filter Include="Translation Files">
      <UniqueIdentifier>{639EADAA-A684-42e4-A9AD-28FC9BCB8F7C}</UniqueIdentifier>
      <Extensions>ts</Extensions>
      <ParseFiles>false</ParseFiles>
    </Filter>
    <Filter Include="Generated Files\Debug">
      <UniqueIdentifier>{2efe7b2b-e860-4103-aa87-273f17c347d4}</UniqueIdentifier>
      <Extensions>cpp;moc</Extensions>
      <SourceControlFiles>False</SourceControlFiles>
    </Filter>
    <Filter Include="Generated Files\Release">
      <UniqueIdentifier>{eca86598-6725-4d2e-8d24-619370480ca4}</UniqueIdentifier>
      <Extensions>cpp;moc</Extensions>
      <SourceControlFiles>False</SourceControlFiles>
    </Filter>
    <Filter Include="Generated Files\Template">
      <UniqueIdentifier>{1062f0b1-d1bd-49d0-9b93-67e656bfe093}</UniqueIdentifier>
      <Extensions>cpp;moc</Extensions>
      <SourceControlFiles>False</SourceControlFiles>
    </Filter>
  </ItemGroup>
  <ItemGroup>
    <ClCompile Include="ButtonLoadMasterData.cpp">
      <Filter>Source Files</Filter>
    </ClCompile>
    <ClCompile Include="ButtonLoadMasterDataResource.cpp">
      <Filter>Source Files</Filter>
    </ClCompile>
    <ClCompile Include="..\..\Open\GUIDllCommon.cpp">
      <Filter>Source Files</Filter>
    </ClCompile>
    <ClCompile Include="LoadMasterDataWindow.cpp">
      <Filter>Source Files</Filter>
    </ClCompile>
    <ClCompile Include="..\..\Open\SystemVersion.cpp">
      <Filter>Source Files</Filter>
    </ClCompile>
    
    
    
    
    <ClCompile Include="generatedfiles\qrc_ButtonLoadMasterData.cpp">
      <Filter>Generated Files</Filter>
    </ClCompile>
    
    
    
    <ClCompile Include="ShowLoadedInfoForm.cpp">
      <Filter>Source Files</Filter>
    </ClCompile>
  </ItemGroup>
  <ItemGroup>
    <ClInclude Include="buttonloadmasterdata_global.h">
      <Filter>Header Files</Filter>
    </ClInclude>
    <ClInclude Include="..\..\Open\XDLLOnly.h">
      <Filter>Header Files</Filter>
    </ClInclude>
    <ClInclude Include="..\..\Open\XGUIDLL.h">
      <Filter>Header Files</Filter>
    </ClInclude>
    <ClInclude Include="..\..\Open\XGUIPacketForDLL.h">
      <Filter>Header Files</Filter>
    </ClInclude>
    
    
  </ItemGroup>
  <ItemGroup>
    <None Include="Resources\ButtonLoadMasterData.png">
      <Filter>Resource Files</Filter>
    </None>
    <None Include="buttonloadmasterdata_ja.ts">
      <Filter>Translation Files</Filter>
    </None>
  </ItemGroup>
  <ItemGroup>
    <QtMoc Include="ButtonLoadMasterData.h">
      <Filter>Header Files</Filter>
    </QtMoc>
    <QtMoc Include="LoadMasterDataWindow.h">
      <Filter>Header Files</Filter>
    </QtMoc>
    <QtUic Include="LoadMasterDataWindow.ui">
      <Filter>Form Files</Filter>
    </QtUic>
    <QtRcc Include="ButtonLoadMasterData.qrc">
      <Filter>Resource Files</Filter>
    </QtRcc>
    <QtUic Include="ShowLoadedInfoForm.ui">
      <Filter>Form Files</Filter>
    </QtUic>
    <QtMoc Include="ShowLoadedInfoForm.h">
      <Filter>Header Files</Filter>
    </QtMoc>
  </ItemGroup>
</Project>