<?xml version="1.0" encoding="utf-8"?>
<Project ToolsVersion="4.0" xmlns="http://schemas.microsoft.com/developer/msbuild/2003">
  <ItemGroup>
    <Filter Include="Source Files">
      <UniqueIdentifier>{4FC737F1-C7A5-4376-A066-2A32D752A2FF}</UniqueIdentifier>
      <Extensions>cpp;cxx;c;def</Extensions>
    </Filter>
    <Filter Include="Header Files">
      <UniqueIdentifier>{93995380-89BD-4b04-88EB-625FBE52EBFB}</UniqueIdentifier>
      <Extensions>h</Extensions>
    </Filter>
    <Filter Include="Form Files">
      <UniqueIdentifier>{99349809-55BA-4b9d-BF79-8FDBB0286EB3}</UniqueIdentifier>
      <Extensions>ui</Extensions>
    </Filter>
    <Filter Include="Resource Files">
      <UniqueIdentifier>{D9D6E242-F8AF-46E4-B9FD-80ECBC20BA3E}</UniqueIdentifier>
      <Extensions>qrc;*</Extensions>
      <ParseFiles>false</ParseFiles>
    </Filter>
    <Filter Include="Generated Files">
      <UniqueIdentifier>{71ED8ED8-ACB9-4CE9-BBE1-E00B30144E11}</UniqueIdentifier>
      <Extensions>moc;h;cpp</Extensions>
      <SourceControlFiles>False</SourceControlFiles>
    </Filter>
    <Filter Include="Translation Files">
      <UniqueIdentifier>{639EADAA-A684-42e4-A9AD-28FC9BCB8F7C}</UniqueIdentifier>
      <Extensions>ts</Extensions>
      <ParseFiles>false</ParseFiles>
    </Filter>
    <Filter Include="Generated Files\Debug">
      <UniqueIdentifier>{2bba056c-aca6-469a-b2ad-34f65aceab84}</UniqueIdentifier>
      <Extensions>cpp;moc</Extensions>
      <SourceControlFiles>False</SourceControlFiles>
    </Filter>
    <Filter Include="Generated Files\Release">
      <UniqueIdentifier>{cb337629-b37e-4052-81f4-c950cb4d3cfe}</UniqueIdentifier>
      <Extensions>cpp;moc</Extensions>
      <SourceControlFiles>False</SourceControlFiles>
    </Filter>
    <Filter Include="Generated Files\Template">
      <UniqueIdentifier>{749b7613-6162-4658-a6ab-70320eb09d91}</UniqueIdentifier>
      <Extensions>cpp;moc</Extensions>
      <SourceControlFiles>False</SourceControlFiles>
    </Filter>
  </ItemGroup>
  <ItemGroup>
    <ClCompile Include="GenerateMaskFromSameBrightnessForm.cpp">
      <Filter>Source Files</Filter>
    </ClCompile>
    <ClCompile Include="GenerateMaskFromSameColorForm.cpp">
      <Filter>Source Files</Filter>
    </ClCompile>
    <ClCompile Include="..\..\Open\GUIDllCommon.cpp">
      <Filter>Source Files</Filter>
    </ClCompile>
    <ClCompile Include="PropertyMasking.cpp">
      <Filter>Source Files</Filter>
    </ClCompile>
    <ClCompile Include="PropertyMaskingForm.cpp">
      <Filter>Source Files</Filter>
    </ClCompile>
    <ClCompile Include="PropertyMaskingFormResource.cpp">
      <Filter>Source Files</Filter>
    </ClCompile>
    <ClCompile Include="..\..\Open\SystemVersion.cpp">
      <Filter>Source Files</Filter>
    </ClCompile>
    <ClCompile Include="XPropertyMaskingPacket.cpp">
      <Filter>Source Files</Filter>
    </ClCompile>
    <ClCompile Include="generatedfiles\qrc_PropertyMasking.cpp">
      <Filter>Generated Files</Filter>
    </ClCompile>
    <ClCompile Include="EditMaskLibraryDialog.cpp">
      <Filter>Source Files</Filter>
    </ClCompile>
    <ClCompile Include="SelectMaskingLibraryForm.cpp">
      <Filter>Source Files</Filter>
    </ClCompile>
    <ClCompile Include="SelectByBindedLimitedDialog.cpp">
      <Filter>Source Files</Filter>
    </ClCompile>
  </ItemGroup>
  <ItemGroup>
    <ClInclude Include="PropertyMasking.h">
      <Filter>Header Files</Filter>
    </ClInclude>
    <ClInclude Include="propertymasking_global.h">
      <Filter>Header Files</Filter>
    </ClInclude>
    <ClInclude Include="..\..\Open\XDLLOnly.h">
      <Filter>Header Files</Filter>
    </ClInclude>
    <ClInclude Include="..\..\Open\XDLLType.h">
      <Filter>Header Files</Filter>
    </ClInclude>
    <ClInclude Include="XPropertyMaskingPacket.h">
      <Filter>Header Files</Filter>
    </ClInclude>
    <ClInclude Include="XPropertyMaskingCommon.h">
      <Filter>Header Files</Filter>
    </ClInclude>
    <ClInclude Include="PropertyMaskingFormResource.h">
      <Filter>Header Files</Filter>
    </ClInclude>
  </ItemGroup>
  <ItemGroup>
    <None Include="Resources\PropertyMasking.png">
      <Filter>Resource Files</Filter>
    </None>
    <None Include="propertymasking_ja.ts">
      <Filter>Translation Files</Filter>
    </None>
  </ItemGroup>
  <ItemGroup>
    <Library Include="..\SelectLibraryInMask.lib" />
  </ItemGroup>
  <ItemGroup>
    <QtMoc Include="GenerateMaskFromSameBrightnessForm.h">
      <Filter>Header Files</Filter>
    </QtMoc>
    <QtMoc Include="GenerateMaskFromSameColorForm.h">
      <Filter>Header Files</Filter>
    </QtMoc>
    <QtMoc Include="PropertyMaskingForm.h">
      <Filter>Header Files</Filter>
    </QtMoc>
    <QtUic Include="GenerateMaskFromSameBrightnessForm.ui">
      <Filter>Form Files</Filter>
    </QtUic>
    <QtUic Include="GenerateMaskFromSameColorForm.ui">
      <Filter>Form Files</Filter>
    </QtUic>
    <QtUic Include="PropertyMaskingForm.ui">
      <Filter>Form Files</Filter>
    </QtUic>
    <QtRcc Include="PropertyMasking.qrc">
      <Filter>Resource Files</Filter>
    </QtRcc>
    <QtUic Include="EditMaskLibraryDialog.ui">
      <Filter>Form Files</Filter>
    </QtUic>
    <QtMoc Include="EditMaskLibraryDialog.h">
      <Filter>Header Files</Filter>
    </QtMoc>
    <QtUic Include="SelectMaskingLibraryForm.ui">
      <Filter>Form Files</Filter>
    </QtUic>
    <QtMoc Include="SelectMaskingLibraryForm.h">
      <Filter>Header Files</Filter>
    </QtMoc>
    <QtMoc Include="SelectByBindedLimitedDialog.h">
      <Filter>Header Files</Filter>
    </QtMoc>
  </ItemGroup>
  <ItemGroup>
    <QtUic Include="SelectByBindedLimitedDialog.ui">
      <Filter>Form Files</Filter>
    </QtUic>
  </ItemGroup>
</Project>