<?xml version="1.0" encoding="utf-8"?>
<Project ToolsVersion="4.0" xmlns="http://schemas.microsoft.com/developer/msbuild/2003">
  <ItemGroup>
    <Filter Include="Source Files">
      <UniqueIdentifier>{4FC737F1-C7A5-4376-A066-2A32D752A2FF}</UniqueIdentifier>
      <Extensions>cpp;cxx;c;def</Extensions>
    </Filter>
    <Filter Include="Header Files">
      <UniqueIdentifier>{93995380-89BD-4b04-88EB-625FBE52EBFB}</UniqueIdentifier>
      <Extensions>h</Extensions>
    </Filter>
    <Filter Include="Form Files">
      <UniqueIdentifier>{99349809-55BA-4b9d-BF79-8FDBB0286EB3}</UniqueIdentifier>
      <Extensions>ui</Extensions>
    </Filter>
    <Filter Include="Resource Files">
      <UniqueIdentifier>{D9D6E242-F8AF-46E4-B9FD-80ECBC20BA3E}</UniqueIdentifier>
      <Extensions>qrc;*</Extensions>
      <ParseFiles>false</ParseFiles>
    </Filter>
    <Filter Include="Generated Files">
      <UniqueIdentifier>{71ED8ED8-ACB9-4CE9-BBE1-E00B30144E11}</UniqueIdentifier>
      <Extensions>moc;h;cpp</Extensions>
      <SourceControlFiles>False</SourceControlFiles>
    </Filter>
    <Filter Include="Generated Files\Debug">
      <UniqueIdentifier>{f3960632-9150-407f-bb78-4916dd5d5dfa}</UniqueIdentifier>
      <Extensions>cpp;moc</Extensions>
      <SourceControlFiles>False</SourceControlFiles>
    </Filter>
    <Filter Include="Generated Files\Release">
      <UniqueIdentifier>{77511f58-3308-4a13-be12-16def71180d2}</UniqueIdentifier>
      <Extensions>cpp;moc</Extensions>
      <SourceControlFiles>False</SourceControlFiles>
    </Filter>
  </ItemGroup>
  <ItemGroup>
    <ClCompile Include="Process3D.cpp">
      <Filter>Source Files</Filter>
    </ClCompile>
    <ClCompile Include="..\..\Open\AlgorithmCommon.cpp">
      <Filter>Source Files</Filter>
    </ClCompile>
    <ClCompile Include="..\..\Open\SystemVersion.cpp">
      <Filter>Source Files</Filter>
    </ClCompile>
    <ClCompile Include="XProcess3D.cpp">
      <Filter>Source Files</Filter>
    </ClCompile>
    <ClCompile Include="XProcess3DLibrary.cpp">
      <Filter>Source Files</Filter>
    </ClCompile>
    
    
    <ClCompile Include="Process3DHistgramForm.cpp">
      <Filter>Source Files</Filter>
    </ClCompile>
    <ClCompile Include="..\..\GeneralSource\XDisplaySimPanel.cpp">
      <Filter>Source Files</Filter>
    </ClCompile>
    <ClCompile Include="XProcess3DItem.cpp">
      <Filter>Source Files</Filter>
    </ClCompile>
    <ClCompile Include="Process3DResult.cpp">
      <Filter>Source Files</Filter>
    </ClCompile>
    <ClCompile Include="XProcess3DProcessor.cpp">
      <Filter>Source Files</Filter>
    </ClCompile>
    <ClCompile Include="XProcess3DReport.cpp">
      <Filter>Source Files</Filter>
    </ClCompile>
  </ItemGroup>
  <ItemGroup>
    <ClInclude Include="Process3D.h">
      <Filter>Header Files</Filter>
    </ClInclude>
    <ClInclude Include="process3d_global.h">
      <Filter>Header Files</Filter>
    </ClInclude>
    <ClInclude Include="XProcess3D.h">
      <Filter>Header Files</Filter>
    </ClInclude>
    <ClInclude Include="XProcess3DLibrary.h">
      <Filter>Header Files</Filter>
    </ClInclude>
    
    <ClInclude Include="..\..\Open\XDisplaySimPanel.h">
      <Filter>Header Files</Filter>
    </ClInclude>
  </ItemGroup>
  <ItemGroup>
    <QtUic Include="Process3DHistgramForm.ui">
      <Filter>Form Files</Filter>
    </QtUic>
    <QtMoc Include="Process3DHistgramForm.h">
      <Filter>Header Files</Filter>
    </QtMoc>
  </ItemGroup>
</Project>