Microsoft Visual Studio Solution File, Format Version 12.00
# Visual Studio Version 16
VisualStudioVersion = 16.0.31129.286
MinimumVisualStudioVersion = 10.0.40219.1
Project("{8BC9CEB8-8B4A-11D0-8D11-00A0C91BC942}") = "SampleDLL", "SampleDLL\SampleDLL.vcxproj", "{BC1BDCF7-E033-4C21-BBBF-946C72B50564}"
EndProject
Project("{8BC9CEB8-8B4A-11D0-8D11-00A0C91BC942}") = "LogWriter", "LogWriter\LogWriter.vcxproj", "{65E91D62-DFD1-4122-A284-5A194B8FEF57}"
EndProject
Project("{8BC9CEB8-8B4A-11D0-8D11-00A0C91BC942}") = "MachineT01For64Connector", "MachineT01For64Connector\MachineT01For64Connector.vcxproj", "{967FE610-B2B3-445B-B6C3-DE4007611988}"
EndProject
Project("{8BC9CEB8-8B4A-11D0-8D11-00A0C91BC942}") = "SeqFor64Connector", "SeqFor64Connector\SeqFor64Connector.vcxproj", "{CE6CFB7A-6E3A-4D87-9B10-D6B99B97C6FE}"
EndProject
Project("{8BC9CEB8-8B4A-11D0-8D11-00A0C91BC942}") = "IOLogger", "IOLogger\IOLogger.vcxproj", "{316B3590-1105-4C86-AC24-5752814CB0C5}"
EndProject
Project("{8BC9CEB8-8B4A-11D0-8D11-00A0C91BC942}") = "OutputMessager", "OutputMessager\OutputMessager.vcxproj", "{55EE7CD0-954D-4096-804D-366F133F26AF}"
EndProject
Project("{8BC9CEB8-8B4A-11D0-8D11-00A0C91BC942}") = "CheckProgramRun", "CheckProgramRun\CheckProgramRun.vcxproj", "{CE8DAD9D-95E9-4200-ADF8-5E5D9AC606C3}"
EndProject
Project("{8BC9CEB8-8B4A-11D0-8D11-00A0C91BC942}") = "ShutDownDLL", "ShutDownDLL\ShutDownDLL.vcxproj", "{ACB12979-3A7F-41B3-8964-C830891DB636}"
EndProject
Project("{8BC9CEB8-8B4A-11D0-8D11-00A0C91BC942}") = "PlaySound", "PlaySound\PlaySound.vcxproj", "{32E006A6-91F9-4CDC-A30A-E34178177A9C}"
EndProject
Project("{8BC9CEB8-8B4A-11D0-8D11-00A0C91BC942}") = "mtMachineT04Command", "mtMachineT04Command\mtMachineT04Command\mtMachineT04Command.vcxproj", "{F2747998-B5DB-4C18-8234-1FA080C3DE15}"
EndProject
Project("{8BC9CEB8-8B4A-11D0-8D11-00A0C91BC942}") = "MachineT04Connector", "MachineT04Connector\MachineT04Connector.vcxproj", "{A5D2A89D-0347-4DD7-81FF-3909012FEE99}"
EndProject
Project("{8BC9CEB8-8B4A-11D0-8D11-00A0C91BC942}") = "MachineLR210Connector", "MachineLR210Connector\MachineLR210Connector.vcxproj", "{F13EF46C-1BB8-476B-8058-8E16DE369AC6}"
EndProject
Project("{8BC9CEB8-8B4A-11D0-8D11-00A0C91BC942}") = "MotorControlle", "MotorControlle\MotorControlle\MotorControlle.vcxproj", "{E92BD144-89CD-460A-88F5-395E6122F8F1}"
EndProject
Project("{8BC9CEB8-8B4A-11D0-8D11-00A0C91BC942}") = "mtVRSCommand", "mtVRSCommand\mtVRSCommand\mtVRSCommand.vcxproj", "{6FC5683A-F240-4872-B3AE-9EA4D7D75521}"
EndProject
Project("{8BC9CEB8-8B4A-11D0-8D11-00A0C91BC942}") = "mtVRSCommand2", "mtVRSCommand2\mtVRSCommand2\mtVRSCommand2.vcxproj", "{DDBAC677-6B32-43FA-A5FD-F577834DB8E2}"
EndProject
Project("{8BC9CEB8-8B4A-11D0-8D11-00A0C91BC942}") = "LCD_4DSystem_1", "LCD_4DSystem_1\LCD_4DSystem_1.vcxproj", "{2BC036C8-B610-4291-9D2C-A628A5F29EBF}"
EndProject
Project("{8BC9CEB8-8B4A-11D0-8D11-00A0C91BC942}") = "mtNGMarkMachineCommand", "mtNGMarkMachineCommand\mtNGMarkMachineCommand.vcxproj", "{E3E3DCE1-8668-43BD-9D00-897EC15FFAF5}"
EndProject
Project("{8BC9CEB8-8B4A-11D0-8D11-00A0C91BC942}") = "AFVI_CommPLC", "AFVI_CommPLC\AFVI_CommPLC.vcxproj", "{765F4548-448C-44E9-A7BB-49B277236E88}"
EndProject
Project("{8BC9CEB8-8B4A-11D0-8D11-00A0C91BC942}") = "SeqRelay4ByFTDI", "SeqRelay4ByFTDI\SeqRelay4ByFTDI.vcxproj", "{1B90DCDD-EEE1-41FE-BB04-CC8AD4FF6A22}"
EndProject
Project("{8BC9CEB8-8B4A-11D0-8D11-00A0C91BC942}") = "SeqRelayLCUS2", "SeqRelayLCUS2\SeqRelayLCUS2.vcxproj", "{69A50579-0E9E-4176-BDC8-AC3EDC72B483}"
EndProject
Global
	GlobalSection(SolutionConfigurationPlatforms) = preSolution
		Debug|Win32 = Debug|Win32
		Debug|x64 = Debug|x64
		Release|Win32 = Release|Win32
		Release|x64 = Release|x64
		Template|Win32 = Template|Win32
		Template|x64 = Template|x64
	EndGlobalSection
	GlobalSection(ProjectConfigurationPlatforms) = postSolution
		{BC1BDCF7-E033-4C21-BBBF-946C72B50564}.Debug|Win32.ActiveCfg = Debug|x64
		{BC1BDCF7-E033-4C21-BBBF-946C72B50564}.Debug|Win32.Build.0 = Debug|x64
		{BC1BDCF7-E033-4C21-BBBF-946C72B50564}.Debug|x64.ActiveCfg = Debug|x64
		{BC1BDCF7-E033-4C21-BBBF-946C72B50564}.Debug|x64.Build.0 = Debug|x64
		{BC1BDCF7-E033-4C21-BBBF-946C72B50564}.Release|Win32.ActiveCfg = Release|Win32
		{BC1BDCF7-E033-4C21-BBBF-946C72B50564}.Release|Win32.Build.0 = Release|Win32
		{BC1BDCF7-E033-4C21-BBBF-946C72B50564}.Release|x64.ActiveCfg = Release|x64
		{BC1BDCF7-E033-4C21-BBBF-946C72B50564}.Release|x64.Build.0 = Release|x64
		{BC1BDCF7-E033-4C21-BBBF-946C72B50564}.Template|Win32.ActiveCfg = Template|Win32
		{BC1BDCF7-E033-4C21-BBBF-946C72B50564}.Template|Win32.Build.0 = Template|Win32
		{BC1BDCF7-E033-4C21-BBBF-946C72B50564}.Template|x64.ActiveCfg = Template|x64
		{BC1BDCF7-E033-4C21-BBBF-946C72B50564}.Template|x64.Build.0 = Template|x64
		{65E91D62-DFD1-4122-A284-5A194B8FEF57}.Debug|Win32.ActiveCfg = Debug|x64
		{65E91D62-DFD1-4122-A284-5A194B8FEF57}.Debug|Win32.Build.0 = Debug|x64
		{65E91D62-DFD1-4122-A284-5A194B8FEF57}.Debug|x64.ActiveCfg = Debug|x64
		{65E91D62-DFD1-4122-A284-5A194B8FEF57}.Debug|x64.Build.0 = Debug|x64
		{65E91D62-DFD1-4122-A284-5A194B8FEF57}.Release|Win32.ActiveCfg = Release|Win32
		{65E91D62-DFD1-4122-A284-5A194B8FEF57}.Release|Win32.Build.0 = Release|Win32
		{65E91D62-DFD1-4122-A284-5A194B8FEF57}.Release|x64.ActiveCfg = Release|x64
		{65E91D62-DFD1-4122-A284-5A194B8FEF57}.Release|x64.Build.0 = Release|x64
		{65E91D62-DFD1-4122-A284-5A194B8FEF57}.Template|Win32.ActiveCfg = Template|Win32
		{65E91D62-DFD1-4122-A284-5A194B8FEF57}.Template|Win32.Build.0 = Template|Win32
		{65E91D62-DFD1-4122-A284-5A194B8FEF57}.Template|x64.ActiveCfg = Template|x64
		{65E91D62-DFD1-4122-A284-5A194B8FEF57}.Template|x64.Build.0 = Template|x64
		{967FE610-B2B3-445B-B6C3-DE4007611988}.Debug|Win32.ActiveCfg = Debug|x64
		{967FE610-B2B3-445B-B6C3-DE4007611988}.Debug|Win32.Build.0 = Debug|x64
		{967FE610-B2B3-445B-B6C3-DE4007611988}.Debug|x64.ActiveCfg = Debug|x64
		{967FE610-B2B3-445B-B6C3-DE4007611988}.Debug|x64.Build.0 = Debug|x64
		{967FE610-B2B3-445B-B6C3-DE4007611988}.Release|Win32.ActiveCfg = Release|Win32
		{967FE610-B2B3-445B-B6C3-DE4007611988}.Release|Win32.Build.0 = Release|Win32
		{967FE610-B2B3-445B-B6C3-DE4007611988}.Release|x64.ActiveCfg = Release|x64
		{967FE610-B2B3-445B-B6C3-DE4007611988}.Release|x64.Build.0 = Release|x64
		{967FE610-B2B3-445B-B6C3-DE4007611988}.Template|Win32.ActiveCfg = Template|Win32
		{967FE610-B2B3-445B-B6C3-DE4007611988}.Template|Win32.Build.0 = Template|Win32
		{967FE610-B2B3-445B-B6C3-DE4007611988}.Template|x64.ActiveCfg = Template|x64
		{967FE610-B2B3-445B-B6C3-DE4007611988}.Template|x64.Build.0 = Template|x64
		{CE6CFB7A-6E3A-4D87-9B10-D6B99B97C6FE}.Debug|Win32.ActiveCfg = Debug|Win32
		{CE6CFB7A-6E3A-4D87-9B10-D6B99B97C6FE}.Debug|Win32.Build.0 = Debug|Win32
		{CE6CFB7A-6E3A-4D87-9B10-D6B99B97C6FE}.Debug|x64.ActiveCfg = Debug|x64
		{CE6CFB7A-6E3A-4D87-9B10-D6B99B97C6FE}.Debug|x64.Build.0 = Debug|x64
		{CE6CFB7A-6E3A-4D87-9B10-D6B99B97C6FE}.Release|Win32.ActiveCfg = Release|Win32
		{CE6CFB7A-6E3A-4D87-9B10-D6B99B97C6FE}.Release|Win32.Build.0 = Release|Win32
		{CE6CFB7A-6E3A-4D87-9B10-D6B99B97C6FE}.Release|x64.ActiveCfg = Release|x64
		{CE6CFB7A-6E3A-4D87-9B10-D6B99B97C6FE}.Release|x64.Build.0 = Release|x64
		{CE6CFB7A-6E3A-4D87-9B10-D6B99B97C6FE}.Template|Win32.ActiveCfg = Template|Win32
		{CE6CFB7A-6E3A-4D87-9B10-D6B99B97C6FE}.Template|Win32.Build.0 = Template|Win32
		{CE6CFB7A-6E3A-4D87-9B10-D6B99B97C6FE}.Template|x64.ActiveCfg = Template|x64
		{CE6CFB7A-6E3A-4D87-9B10-D6B99B97C6FE}.Template|x64.Build.0 = Template|x64
		{316B3590-1105-4C86-AC24-5752814CB0C5}.Debug|Win32.ActiveCfg = Debug|Win32
		{316B3590-1105-4C86-AC24-5752814CB0C5}.Debug|Win32.Build.0 = Debug|Win32
		{316B3590-1105-4C86-AC24-5752814CB0C5}.Debug|x64.ActiveCfg = Debug|x64
		{316B3590-1105-4C86-AC24-5752814CB0C5}.Debug|x64.Build.0 = Debug|x64
		{316B3590-1105-4C86-AC24-5752814CB0C5}.Release|Win32.ActiveCfg = Release|Win32
		{316B3590-1105-4C86-AC24-5752814CB0C5}.Release|Win32.Build.0 = Release|Win32
		{316B3590-1105-4C86-AC24-5752814CB0C5}.Release|x64.ActiveCfg = Release|x64
		{316B3590-1105-4C86-AC24-5752814CB0C5}.Release|x64.Build.0 = Release|x64
		{316B3590-1105-4C86-AC24-5752814CB0C5}.Template|Win32.ActiveCfg = Template|Win32
		{316B3590-1105-4C86-AC24-5752814CB0C5}.Template|Win32.Build.0 = Template|Win32
		{316B3590-1105-4C86-AC24-5752814CB0C5}.Template|x64.ActiveCfg = Template|x64
		{316B3590-1105-4C86-AC24-5752814CB0C5}.Template|x64.Build.0 = Template|x64
		{55EE7CD0-954D-4096-804D-366F133F26AF}.Debug|Win32.ActiveCfg = Debug|Win32
		{55EE7CD0-954D-4096-804D-366F133F26AF}.Debug|Win32.Build.0 = Debug|Win32
		{55EE7CD0-954D-4096-804D-366F133F26AF}.Debug|x64.ActiveCfg = Debug|x64
		{55EE7CD0-954D-4096-804D-366F133F26AF}.Debug|x64.Build.0 = Debug|x64
		{55EE7CD0-954D-4096-804D-366F133F26AF}.Release|Win32.ActiveCfg = Release|Win32
		{55EE7CD0-954D-4096-804D-366F133F26AF}.Release|Win32.Build.0 = Release|Win32
		{55EE7CD0-954D-4096-804D-366F133F26AF}.Release|x64.ActiveCfg = Release|x64
		{55EE7CD0-954D-4096-804D-366F133F26AF}.Release|x64.Build.0 = Release|x64
		{55EE7CD0-954D-4096-804D-366F133F26AF}.Template|Win32.ActiveCfg = Template|Win32
		{55EE7CD0-954D-4096-804D-366F133F26AF}.Template|Win32.Build.0 = Template|Win32
		{55EE7CD0-954D-4096-804D-366F133F26AF}.Template|x64.ActiveCfg = Template|x64
		{55EE7CD0-954D-4096-804D-366F133F26AF}.Template|x64.Build.0 = Template|x64
		{CE8DAD9D-95E9-4200-ADF8-5E5D9AC606C3}.Debug|Win32.ActiveCfg = Debug|Win32
		{CE8DAD9D-95E9-4200-ADF8-5E5D9AC606C3}.Debug|Win32.Build.0 = Debug|Win32
		{CE8DAD9D-95E9-4200-ADF8-5E5D9AC606C3}.Debug|x64.ActiveCfg = Debug|x64
		{CE8DAD9D-95E9-4200-ADF8-5E5D9AC606C3}.Debug|x64.Build.0 = Debug|x64
		{CE8DAD9D-95E9-4200-ADF8-5E5D9AC606C3}.Release|Win32.ActiveCfg = Release|Win32
		{CE8DAD9D-95E9-4200-ADF8-5E5D9AC606C3}.Release|Win32.Build.0 = Release|Win32
		{CE8DAD9D-95E9-4200-ADF8-5E5D9AC606C3}.Release|x64.ActiveCfg = Release|x64
		{CE8DAD9D-95E9-4200-ADF8-5E5D9AC606C3}.Release|x64.Build.0 = Release|x64
		{CE8DAD9D-95E9-4200-ADF8-5E5D9AC606C3}.Template|Win32.ActiveCfg = Template|Win32
		{CE8DAD9D-95E9-4200-ADF8-5E5D9AC606C3}.Template|Win32.Build.0 = Template|Win32
		{CE8DAD9D-95E9-4200-ADF8-5E5D9AC606C3}.Template|x64.ActiveCfg = Template|x64
		{CE8DAD9D-95E9-4200-ADF8-5E5D9AC606C3}.Template|x64.Build.0 = Template|x64
		{ACB12979-3A7F-41B3-8964-C830891DB636}.Debug|Win32.ActiveCfg = Debug|Win32
		{ACB12979-3A7F-41B3-8964-C830891DB636}.Debug|Win32.Build.0 = Debug|Win32
		{ACB12979-3A7F-41B3-8964-C830891DB636}.Debug|x64.ActiveCfg = Debug|x64
		{ACB12979-3A7F-41B3-8964-C830891DB636}.Debug|x64.Build.0 = Debug|x64
		{ACB12979-3A7F-41B3-8964-C830891DB636}.Release|Win32.ActiveCfg = Release|Win32
		{ACB12979-3A7F-41B3-8964-C830891DB636}.Release|Win32.Build.0 = Release|Win32
		{ACB12979-3A7F-41B3-8964-C830891DB636}.Release|x64.ActiveCfg = Release|x64
		{ACB12979-3A7F-41B3-8964-C830891DB636}.Release|x64.Build.0 = Release|x64
		{ACB12979-3A7F-41B3-8964-C830891DB636}.Template|Win32.ActiveCfg = Template|Win32
		{ACB12979-3A7F-41B3-8964-C830891DB636}.Template|Win32.Build.0 = Template|Win32
		{ACB12979-3A7F-41B3-8964-C830891DB636}.Template|x64.ActiveCfg = Template|x64
		{ACB12979-3A7F-41B3-8964-C830891DB636}.Template|x64.Build.0 = Template|x64
		{32E006A6-91F9-4CDC-A30A-E34178177A9C}.Debug|Win32.ActiveCfg = Debug|Win32
		{32E006A6-91F9-4CDC-A30A-E34178177A9C}.Debug|Win32.Build.0 = Debug|Win32
		{32E006A6-91F9-4CDC-A30A-E34178177A9C}.Debug|x64.ActiveCfg = Debug|x64
		{32E006A6-91F9-4CDC-A30A-E34178177A9C}.Debug|x64.Build.0 = Debug|x64
		{32E006A6-91F9-4CDC-A30A-E34178177A9C}.Release|Win32.ActiveCfg = Release|Win32
		{32E006A6-91F9-4CDC-A30A-E34178177A9C}.Release|Win32.Build.0 = Release|Win32
		{32E006A6-91F9-4CDC-A30A-E34178177A9C}.Release|x64.ActiveCfg = Release|x64
		{32E006A6-91F9-4CDC-A30A-E34178177A9C}.Release|x64.Build.0 = Release|x64
		{32E006A6-91F9-4CDC-A30A-E34178177A9C}.Template|Win32.ActiveCfg = Template|Win32
		{32E006A6-91F9-4CDC-A30A-E34178177A9C}.Template|Win32.Build.0 = Template|Win32
		{32E006A6-91F9-4CDC-A30A-E34178177A9C}.Template|x64.ActiveCfg = Template|x64
		{32E006A6-91F9-4CDC-A30A-E34178177A9C}.Template|x64.Build.0 = Template|x64
		{F2747998-B5DB-4C18-8234-1FA080C3DE15}.Debug|Win32.ActiveCfg = Debug|Win32
		{F2747998-B5DB-4C18-8234-1FA080C3DE15}.Debug|Win32.Build.0 = Debug|Win32
		{F2747998-B5DB-4C18-8234-1FA080C3DE15}.Debug|x64.ActiveCfg = Debug|x64
		{F2747998-B5DB-4C18-8234-1FA080C3DE15}.Debug|x64.Build.0 = Debug|x64
		{F2747998-B5DB-4C18-8234-1FA080C3DE15}.Release|Win32.ActiveCfg = Release|Win32
		{F2747998-B5DB-4C18-8234-1FA080C3DE15}.Release|Win32.Build.0 = Release|Win32
		{F2747998-B5DB-4C18-8234-1FA080C3DE15}.Release|x64.ActiveCfg = Release|x64
		{F2747998-B5DB-4C18-8234-1FA080C3DE15}.Release|x64.Build.0 = Release|x64
		{F2747998-B5DB-4C18-8234-1FA080C3DE15}.Template|Win32.ActiveCfg = Template|Win32
		{F2747998-B5DB-4C18-8234-1FA080C3DE15}.Template|Win32.Build.0 = Template|Win32
		{F2747998-B5DB-4C18-8234-1FA080C3DE15}.Template|x64.ActiveCfg = Template|x64
		{F2747998-B5DB-4C18-8234-1FA080C3DE15}.Template|x64.Build.0 = Template|x64
		{A5D2A89D-0347-4DD7-81FF-3909012FEE99}.Debug|Win32.ActiveCfg = Debug|Win32
		{A5D2A89D-0347-4DD7-81FF-3909012FEE99}.Debug|Win32.Build.0 = Debug|Win32
		{A5D2A89D-0347-4DD7-81FF-3909012FEE99}.Debug|x64.ActiveCfg = Debug|x64
		{A5D2A89D-0347-4DD7-81FF-3909012FEE99}.Debug|x64.Build.0 = Debug|x64
		{A5D2A89D-0347-4DD7-81FF-3909012FEE99}.Release|Win32.ActiveCfg = Release|Win32
		{A5D2A89D-0347-4DD7-81FF-3909012FEE99}.Release|Win32.Build.0 = Release|Win32
		{A5D2A89D-0347-4DD7-81FF-3909012FEE99}.Release|x64.ActiveCfg = Release|x64
		{A5D2A89D-0347-4DD7-81FF-3909012FEE99}.Release|x64.Build.0 = Release|x64
		{A5D2A89D-0347-4DD7-81FF-3909012FEE99}.Template|Win32.ActiveCfg = Template|Win32
		{A5D2A89D-0347-4DD7-81FF-3909012FEE99}.Template|Win32.Build.0 = Template|Win32
		{A5D2A89D-0347-4DD7-81FF-3909012FEE99}.Template|x64.ActiveCfg = Template|x64
		{A5D2A89D-0347-4DD7-81FF-3909012FEE99}.Template|x64.Build.0 = Template|x64
		{F13EF46C-1BB8-476B-8058-8E16DE369AC6}.Debug|Win32.ActiveCfg = Debug|Win32
		{F13EF46C-1BB8-476B-8058-8E16DE369AC6}.Debug|Win32.Build.0 = Debug|Win32
		{F13EF46C-1BB8-476B-8058-8E16DE369AC6}.Debug|x64.ActiveCfg = Debug|x64
		{F13EF46C-1BB8-476B-8058-8E16DE369AC6}.Debug|x64.Build.0 = Debug|x64
		{F13EF46C-1BB8-476B-8058-8E16DE369AC6}.Release|Win32.ActiveCfg = Release|Win32
		{F13EF46C-1BB8-476B-8058-8E16DE369AC6}.Release|Win32.Build.0 = Release|Win32
		{F13EF46C-1BB8-476B-8058-8E16DE369AC6}.Release|x64.ActiveCfg = Release|x64
		{F13EF46C-1BB8-476B-8058-8E16DE369AC6}.Release|x64.Build.0 = Release|x64
		{F13EF46C-1BB8-476B-8058-8E16DE369AC6}.Template|Win32.ActiveCfg = Template|Win32
		{F13EF46C-1BB8-476B-8058-8E16DE369AC6}.Template|Win32.Build.0 = Template|Win32
		{F13EF46C-1BB8-476B-8058-8E16DE369AC6}.Template|x64.ActiveCfg = Template|x64
		{F13EF46C-1BB8-476B-8058-8E16DE369AC6}.Template|x64.Build.0 = Template|x64
		{E92BD144-89CD-460A-88F5-395E6122F8F1}.Debug|Win32.ActiveCfg = Debug|Win32
		{E92BD144-89CD-460A-88F5-395E6122F8F1}.Debug|Win32.Build.0 = Debug|Win32
		{E92BD144-89CD-460A-88F5-395E6122F8F1}.Debug|x64.ActiveCfg = Debug|x64
		{E92BD144-89CD-460A-88F5-395E6122F8F1}.Debug|x64.Build.0 = Debug|x64
		{E92BD144-89CD-460A-88F5-395E6122F8F1}.Release|Win32.ActiveCfg = Release|Win32
		{E92BD144-89CD-460A-88F5-395E6122F8F1}.Release|Win32.Build.0 = Release|Win32
		{E92BD144-89CD-460A-88F5-395E6122F8F1}.Release|x64.ActiveCfg = Release|x64
		{E92BD144-89CD-460A-88F5-395E6122F8F1}.Release|x64.Build.0 = Release|x64
		{E92BD144-89CD-460A-88F5-395E6122F8F1}.Template|Win32.ActiveCfg = Template|Win32
		{E92BD144-89CD-460A-88F5-395E6122F8F1}.Template|Win32.Build.0 = Template|Win32
		{E92BD144-89CD-460A-88F5-395E6122F8F1}.Template|x64.ActiveCfg = Template|x64
		{E92BD144-89CD-460A-88F5-395E6122F8F1}.Template|x64.Build.0 = Template|x64
		{6FC5683A-F240-4872-B3AE-9EA4D7D75521}.Debug|Win32.ActiveCfg = Debug|Win32
		{6FC5683A-F240-4872-B3AE-9EA4D7D75521}.Debug|Win32.Build.0 = Debug|Win32
		{6FC5683A-F240-4872-B3AE-9EA4D7D75521}.Debug|x64.ActiveCfg = Debug|x64
		{6FC5683A-F240-4872-B3AE-9EA4D7D75521}.Debug|x64.Build.0 = Debug|x64
		{6FC5683A-F240-4872-B3AE-9EA4D7D75521}.Release|Win32.ActiveCfg = Release|Win32
		{6FC5683A-F240-4872-B3AE-9EA4D7D75521}.Release|Win32.Build.0 = Release|Win32
		{6FC5683A-F240-4872-B3AE-9EA4D7D75521}.Release|x64.ActiveCfg = Release|x64
		{6FC5683A-F240-4872-B3AE-9EA4D7D75521}.Release|x64.Build.0 = Release|x64
		{6FC5683A-F240-4872-B3AE-9EA4D7D75521}.Template|Win32.ActiveCfg = Template|Win32
		{6FC5683A-F240-4872-B3AE-9EA4D7D75521}.Template|Win32.Build.0 = Template|Win32
		{6FC5683A-F240-4872-B3AE-9EA4D7D75521}.Template|x64.ActiveCfg = Template|x64
		{6FC5683A-F240-4872-B3AE-9EA4D7D75521}.Template|x64.Build.0 = Template|x64
		{DDBAC677-6B32-43FA-A5FD-F577834DB8E2}.Debug|Win32.ActiveCfg = Debug|Win32
		{DDBAC677-6B32-43FA-A5FD-F577834DB8E2}.Debug|Win32.Build.0 = Debug|Win32
		{DDBAC677-6B32-43FA-A5FD-F577834DB8E2}.Debug|x64.ActiveCfg = Debug|x64
		{DDBAC677-6B32-43FA-A5FD-F577834DB8E2}.Debug|x64.Build.0 = Debug|x64
		{DDBAC677-6B32-43FA-A5FD-F577834DB8E2}.Release|Win32.ActiveCfg = Release|Win32
		{DDBAC677-6B32-43FA-A5FD-F577834DB8E2}.Release|Win32.Build.0 = Release|Win32
		{DDBAC677-6B32-43FA-A5FD-F577834DB8E2}.Release|x64.ActiveCfg = Release|x64
		{DDBAC677-6B32-43FA-A5FD-F577834DB8E2}.Release|x64.Build.0 = Release|x64
		{DDBAC677-6B32-43FA-A5FD-F577834DB8E2}.Template|Win32.ActiveCfg = Template|Win32
		{DDBAC677-6B32-43FA-A5FD-F577834DB8E2}.Template|Win32.Build.0 = Template|Win32
		{DDBAC677-6B32-43FA-A5FD-F577834DB8E2}.Template|x64.ActiveCfg = Template|x64
		{DDBAC677-6B32-43FA-A5FD-F577834DB8E2}.Template|x64.Build.0 = Template|x64
		{2BC036C8-B610-4291-9D2C-A628A5F29EBF}.Debug|Win32.ActiveCfg = Debug|Win32
		{2BC036C8-B610-4291-9D2C-A628A5F29EBF}.Debug|Win32.Build.0 = Debug|Win32
		{2BC036C8-B610-4291-9D2C-A628A5F29EBF}.Debug|x64.ActiveCfg = Debug|x64
		{2BC036C8-B610-4291-9D2C-A628A5F29EBF}.Debug|x64.Build.0 = Debug|x64
		{2BC036C8-B610-4291-9D2C-A628A5F29EBF}.Release|Win32.ActiveCfg = Release|Win32
		{2BC036C8-B610-4291-9D2C-A628A5F29EBF}.Release|Win32.Build.0 = Release|Win32
		{2BC036C8-B610-4291-9D2C-A628A5F29EBF}.Release|x64.ActiveCfg = Release|x64
		{2BC036C8-B610-4291-9D2C-A628A5F29EBF}.Release|x64.Build.0 = Release|x64
		{2BC036C8-B610-4291-9D2C-A628A5F29EBF}.Template|Win32.ActiveCfg = Release|x64
		{2BC036C8-B610-4291-9D2C-A628A5F29EBF}.Template|x64.ActiveCfg = Release|x64
		{2BC036C8-B610-4291-9D2C-A628A5F29EBF}.Template|x64.Build.0 = Release|x64
		{E3E3DCE1-8668-43BD-9D00-897EC15FFAF5}.Debug|Win32.ActiveCfg = Debug|Win32
		{E3E3DCE1-8668-43BD-9D00-897EC15FFAF5}.Debug|Win32.Build.0 = Debug|Win32
		{E3E3DCE1-8668-43BD-9D00-897EC15FFAF5}.Debug|x64.ActiveCfg = Debug|x64
		{E3E3DCE1-8668-43BD-9D00-897EC15FFAF5}.Debug|x64.Build.0 = Debug|x64
		{E3E3DCE1-8668-43BD-9D00-897EC15FFAF5}.Release|Win32.ActiveCfg = Release|Win32
		{E3E3DCE1-8668-43BD-9D00-897EC15FFAF5}.Release|Win32.Build.0 = Release|Win32
		{E3E3DCE1-8668-43BD-9D00-897EC15FFAF5}.Release|x64.ActiveCfg = Release|x64
		{E3E3DCE1-8668-43BD-9D00-897EC15FFAF5}.Release|x64.Build.0 = Release|x64
		{E3E3DCE1-8668-43BD-9D00-897EC15FFAF5}.Template|Win32.ActiveCfg = Release|x64
		{E3E3DCE1-8668-43BD-9D00-897EC15FFAF5}.Template|x64.ActiveCfg = Release|x64
		{E3E3DCE1-8668-43BD-9D00-897EC15FFAF5}.Template|x64.Build.0 = Release|x64
		{765F4548-448C-44E9-A7BB-49B277236E88}.Debug|Win32.ActiveCfg = Debug|Win32
		{765F4548-448C-44E9-A7BB-49B277236E88}.Debug|Win32.Build.0 = Debug|Win32
		{765F4548-448C-44E9-A7BB-49B277236E88}.Debug|x64.ActiveCfg = Debug|x64
		{765F4548-448C-44E9-A7BB-49B277236E88}.Debug|x64.Build.0 = Debug|x64
		{765F4548-448C-44E9-A7BB-49B277236E88}.Release|Win32.ActiveCfg = Release|Win32
		{765F4548-448C-44E9-A7BB-49B277236E88}.Release|Win32.Build.0 = Release|Win32
		{765F4548-448C-44E9-A7BB-49B277236E88}.Release|x64.ActiveCfg = Release|x64
		{765F4548-448C-44E9-A7BB-49B277236E88}.Release|x64.Build.0 = Release|x64
		{765F4548-448C-44E9-A7BB-49B277236E88}.Template|Win32.ActiveCfg = Release|x64
		{765F4548-448C-44E9-A7BB-49B277236E88}.Template|x64.ActiveCfg = Release|x64
		{765F4548-448C-44E9-A7BB-49B277236E88}.Template|x64.Build.0 = Release|x64
		{1B90DCDD-EEE1-41FE-BB04-CC8AD4FF6A22}.Debug|Win32.ActiveCfg = Debug|Win32
		{1B90DCDD-EEE1-41FE-BB04-CC8AD4FF6A22}.Debug|Win32.Build.0 = Debug|Win32
		{1B90DCDD-EEE1-41FE-BB04-CC8AD4FF6A22}.Debug|x64.ActiveCfg = Debug|x64
		{1B90DCDD-EEE1-41FE-BB04-CC8AD4FF6A22}.Debug|x64.Build.0 = Debug|x64
		{1B90DCDD-EEE1-41FE-BB04-CC8AD4FF6A22}.Release|Win32.ActiveCfg = Release|Win32
		{1B90DCDD-EEE1-41FE-BB04-CC8AD4FF6A22}.Release|Win32.Build.0 = Release|Win32
		{1B90DCDD-EEE1-41FE-BB04-CC8AD4FF6A22}.Release|x64.ActiveCfg = Release|x64
		{1B90DCDD-EEE1-41FE-BB04-CC8AD4FF6A22}.Release|x64.Build.0 = Release|x64
		{1B90DCDD-EEE1-41FE-BB04-CC8AD4FF6A22}.Template|Win32.ActiveCfg = Release|x64
		{1B90DCDD-EEE1-41FE-BB04-CC8AD4FF6A22}.Template|x64.ActiveCfg = Release|x64
		{1B90DCDD-EEE1-41FE-BB04-CC8AD4FF6A22}.Template|x64.Build.0 = Release|x64
		{69A50579-0E9E-4176-BDC8-AC3EDC72B483}.Debug|Win32.ActiveCfg = Debug|Win32
		{69A50579-0E9E-4176-BDC8-AC3EDC72B483}.Debug|Win32.Build.0 = Debug|Win32
		{69A50579-0E9E-4176-BDC8-AC3EDC72B483}.Debug|x64.ActiveCfg = Debug|x64
		{69A50579-0E9E-4176-BDC8-AC3EDC72B483}.Debug|x64.Build.0 = Debug|x64
		{69A50579-0E9E-4176-BDC8-AC3EDC72B483}.Release|Win32.ActiveCfg = Release|Win32
		{69A50579-0E9E-4176-BDC8-AC3EDC72B483}.Release|Win32.Build.0 = Release|Win32
		{69A50579-0E9E-4176-BDC8-AC3EDC72B483}.Release|x64.ActiveCfg = Release|x64
		{69A50579-0E9E-4176-BDC8-AC3EDC72B483}.Release|x64.Build.0 = Release|x64
		{69A50579-0E9E-4176-BDC8-AC3EDC72B483}.Template|Win32.ActiveCfg = Release|x64
		{69A50579-0E9E-4176-BDC8-AC3EDC72B483}.Template|x64.ActiveCfg = Release|x64
		{69A50579-0E9E-4176-BDC8-AC3EDC72B483}.Template|x64.Build.0 = Release|x64
	EndGlobalSection
	GlobalSection(SolutionProperties) = preSolution
		HideSolutionNode = FALSE
	EndGlobalSection
	GlobalSection(ExtensibilityGlobals) = postSolution
		Qt5Version = $(DefaultQtVersion)
		SolutionGuid = {5529A93F-B298-4760-B2FE-F76DC937F104}
		QtVersion = $(DefaultQtVersion)
	EndGlobalSection
EndGlobal
