<?xml version="1.0" encoding="utf-8"?>
<Project ToolsVersion="4.0" xmlns="http://schemas.microsoft.com/developer/msbuild/2003">
  <ItemGroup>
    <Filter Include="Source Files">
      <UniqueIdentifier>{4FC737F1-C7A5-4376-A066-2A32D752A2FF}</UniqueIdentifier>
      <Extensions>cpp;cxx;c;def</Extensions>
    </Filter>
    <Filter Include="Header Files">
      <UniqueIdentifier>{93995380-89BD-4b04-88EB-625FBE52EBFB}</UniqueIdentifier>
      <Extensions>h</Extensions>
    </Filter>
    <Filter Include="Form Files">
      <UniqueIdentifier>{99349809-55BA-4b9d-BF79-8FDBB0286EB3}</UniqueIdentifier>
      <Extensions>ui</Extensions>
    </Filter>
    <Filter Include="Resource Files">
      <UniqueIdentifier>{D9D6E242-F8AF-46E4-B9FD-80ECBC20BA3E}</UniqueIdentifier>
      <Extensions>qrc;*</Extensions>
      <ParseFiles>false</ParseFiles>
    </Filter>
    <Filter Include="Generated Files">
      <UniqueIdentifier>{71ED8ED8-ACB9-4CE9-BBE1-E00B30144E11}</UniqueIdentifier>
      <Extensions>moc;h;cpp</Extensions>
      <SourceControlFiles>False</SourceControlFiles>
    </Filter>
    <Filter Include="Generated Files\Debug">
      <UniqueIdentifier>{9bfdde6d-1017-460b-9e34-929e24d8babb}</UniqueIdentifier>
      <Extensions>cpp;moc</Extensions>
      <SourceControlFiles>False</SourceControlFiles>
    </Filter>
    <Filter Include="Generated Files\Release">
      <UniqueIdentifier>{d7683692-e68e-418e-a641-d7ccb2b713d8}</UniqueIdentifier>
      <Extensions>cpp;moc</Extensions>
      <SourceControlFiles>False</SourceControlFiles>
    </Filter>
    <Filter Include="Generated Files\Intel_SSA">
      <UniqueIdentifier>{bd114053-c9fb-4f86-b2d1-eaec7547b157}</UniqueIdentifier>
      <Extensions>cpp;moc</Extensions>
      <SourceControlFiles>False</SourceControlFiles>
    </Filter>
  </ItemGroup>
  <ItemGroup>
    <ClCompile Include="CameraUSBStandard.cpp">
      <Filter>Source Files</Filter>
    </ClCompile>
    <ClCompile Include="..\..\..\Open\SystemVersion.cpp">
      <Filter>Source Files</Filter>
    </ClCompile>
    <ClCompile Include="SettingCameraDialog.cpp">
      <Filter>Source Files</Filter>
    </ClCompile>
    <ClCompile Include="XCamOptimised.cpp">
      <Filter>Source Files</Filter>
    </ClCompile>
    <ClCompile Include="XDecodeTurboJPeg.cpp">
      <Filter>Source Files</Filter>
    </ClCompile>
    <ClCompile Include="SelectCameraDialog.cpp">
      <Filter>Source Files</Filter>
    </ClCompile>
    <ClCompile Include="XConversion.cpp">
      <Filter>Source Files</Filter>
    </ClCompile>
    <ClCompile Include="XLibWMF.cpp">
      <Filter>Source Files</Filter>
    </ClCompile>
    <ClCompile Include="XVdeoBufferLock.cpp">
      <Filter>Source Files</Filter>
    </ClCompile>
  </ItemGroup>
  <ItemGroup>
    <ClInclude Include="camerausbstandard_global.h">
      <Filter>Header Files</Filter>
    </ClInclude>
    <ClInclude Include="LibWMFCamera.h">
      <Filter>Header Files</Filter>
    </ClInclude>
    <ClInclude Include="XLibWMF.h">
      <Filter>Header Files</Filter>
    </ClInclude>
    <ClInclude Include="CameraUSBStandard.h">
      <Filter>Header Files</Filter>
    </ClInclude>
    <ClInclude Include="XCamUSBCommon.h">
      <Filter>Header Files</Filter>
    </ClInclude>
  </ItemGroup>
  <ItemGroup>
    <QtUic Include="SettingCameraDialog.ui">
      <Filter>Form Files</Filter>
    </QtUic>
    <QtMoc Include="SettingCameraDialog.h">
      <Filter>Header Files</Filter>
    </QtMoc>
    <QtUic Include="SelectCameraDialog.ui">
      <Filter>Form Files</Filter>
    </QtUic>
    <QtMoc Include="SelectCameraDialog.h">
      <Filter>Header Files</Filter>
    </QtMoc>
  </ItemGroup>
  <ItemGroup>
    <Library Include="libjpeg-turbo64\lib\turbojpeg.lib" />
  </ItemGroup>
</Project>