<?xml version="1.0" encoding="utf-8"?>
<Project ToolsVersion="4.0" xmlns="http://schemas.microsoft.com/developer/msbuild/2003">
  <ItemGroup>
    <Filter Include="Source Files">
      <UniqueIdentifier>{4FC737F1-C7A5-4376-A066-2A32D752A2FF}</UniqueIdentifier>
      <Extensions>cpp;c;cc;cxx;def;odl;idl;hpj;bat;asm;asmx</Extensions>
    </Filter>
    <Filter Include="Header Files">
      <UniqueIdentifier>{93995380-89BD-4b04-88EB-625FBE52EBFB}</UniqueIdentifier>
      <Extensions>h;hh;hpp;hxx;hm;inl;inc;xsd</Extensions>
    </Filter>
    <Filter Include="Resource Files">
      <UniqueIdentifier>{67DA6AB6-F800-4c08-8B7A-83BB121AAD01}</UniqueIdentifier>
      <Extensions>qrc;rc;ico;cur;bmp;dlg;rc2;rct;bin;rgs;gif;jpg;jpeg;jpe;resx;tiff;tif;png;wav;mfcribbon-ms</Extensions>
    </Filter>
    <Filter Include="Translation Files">
      <UniqueIdentifier>{639EADAA-A684-42e4-A9AD-28FC9BCB8F7C}</UniqueIdentifier>
      <Extensions>ts</Extensions>
    </Filter>
    <Filter Include="Form Files">
      <UniqueIdentifier>{22515416-0905-46c1-b334-680d30af79d0}</UniqueIdentifier>
    </Filter>
  </ItemGroup>
  <ItemGroup>
    <ClInclude Include="propertyraster_global.h">
      <Filter>Header Files</Filter>
    </ClInclude>
    <ClCompile Include="PropertyRaster.cpp">
      <Filter>Source Files</Filter>
    </ClCompile>
    <ClInclude Include="PropertyRaster.h">
      <Filter>Header Files</Filter>
    </ClInclude>
    <ClInclude Include="XGUIRasterPacket.h">
      <Filter>Header Files</Filter>
    </ClInclude>
    <ClInclude Include="PropertyRasterLine.h">
      <Filter>Header Files</Filter>
    </ClInclude>
  </ItemGroup>
  <ItemGroup>
    <ClCompile Include="..\..\Open\GUIDllCommon.cpp">
      <Filter>Source Files</Filter>
    </ClCompile>
    <ClCompile Include="..\..\Open\SystemVersion.cpp">
      <Filter>Source Files</Filter>
    </ClCompile>
    <ClCompile Include="EditMoveDialog.cpp">
      <Filter>Source Files</Filter>
    </ClCompile>
    <ClCompile Include="EditRotateDialog.cpp">
      <Filter>Source Files</Filter>
    </ClCompile>
    <ClCompile Include="EditShearDialog.cpp">
      <Filter>Source Files</Filter>
    </ClCompile>
    <ClCompile Include="EditZoomDialog.cpp">
      <Filter>Source Files</Filter>
    </ClCompile>
    <ClCompile Include="XGUIRasterPacket.cpp">
      <Filter>Source Files</Filter>
    </ClCompile>
    <ClCompile Include="PropertyRasterLine.cpp">
      <Filter>Source Files</Filter>
    </ClCompile>
    <ClCompile Include="..\..\Algorithm\Raster\XRasterCommon.cpp">
      <Filter>Source Files</Filter>
    </ClCompile>
    <ClCompile Include="SetAllocationDialog.cpp">
      <Filter>Source Files</Filter>
    </ClCompile>
    <ClCompile Include="PropertyRasterForm.cpp">
      <Filter>Source Files</Filter>
    </ClCompile>
    <ClCompile Include="EditRasterLibraryDialog.cpp">
      <Filter>Source Files</Filter>
    </ClCompile>
    <ClCompile Include="PropertyRasterResource.cpp">
      <Filter>Source Files</Filter>
    </ClCompile>
    <ClCompile Include="ColorProfileDialog.cpp">
      <Filter>Source Files</Filter>
    </ClCompile>
  </ItemGroup>
  <ItemGroup>
    <QtMoc Include="EditMoveDialog.h">
      <Filter>Header Files</Filter>
    </QtMoc>
    <QtMoc Include="EditRotateDialog.h">
      <Filter>Header Files</Filter>
    </QtMoc>
    <QtMoc Include="EditShearDialog.h">
      <Filter>Header Files</Filter>
    </QtMoc>
    <QtMoc Include="EditZoomDialog.h">
      <Filter>Header Files</Filter>
    </QtMoc>
    <QtMoc Include="PropertyRasterForm.h">
      <Filter>Header Files</Filter>
    </QtMoc>
    <QtMoc Include="SetAllocationDialog.h">
      <Filter>Header Files</Filter>
    </QtMoc>
    <QtMoc Include="EditRasterLibraryDialog.h">
      <Filter>Header Files</Filter>
    </QtMoc>
    <QtMoc Include="ColorProfileDialog.h">
      <Filter>Header Files</Filter>
    </QtMoc>
  </ItemGroup>
  <ItemGroup>
    <QtUic Include="EditMoveDialog.ui">
      <Filter>Form Files</Filter>
    </QtUic>
    <QtUic Include="EditRotateDialog.ui">
      <Filter>Form Files</Filter>
    </QtUic>
    <QtUic Include="EditShearDialog.ui">
      <Filter>Form Files</Filter>
    </QtUic>
    <QtUic Include="EditZoomDialog.ui">
      <Filter>Form Files</Filter>
    </QtUic>
    <QtUic Include="PropertyRasterForm.ui">
      <Filter>Form Files</Filter>
    </QtUic>
    <QtUic Include="SetAllocationDialog.ui">
      <Filter>Form Files</Filter>
    </QtUic>
    <QtUic Include="EditRasterLibraryDialog.ui">
      <Filter>Form Files</Filter>
    </QtUic>
    <QtUic Include="ColorProfileDialog.ui">
      <Filter>Form Files</Filter>
    </QtUic>
  </ItemGroup>
</Project>